// !$*UTF8*$!
{
	archiveVersion = 1;
	classes = {
	};
	objectVersion = 51;
	objects = {

/* Begin PBXBuildFile section */
		09CF9761AF028028BFAFC68B /* Pods_WeatherPlannerDemoTests.framework in Frameworks */ = {isa = PBXBuildFile; fileRef = DB6AE98C9E668CB646B04414 /* Pods_WeatherPlannerDemoTests.framework */; };
		5AF2BC8878F3C00C0C9823E2 /* Pods_WeatherPlannerDemo_WeatherPlannerDemoUITests.framework in Frameworks */ = {isa = PBXBuildFile; fileRef = E40A4CE7D6B8137F6761D3A7 /* Pods_WeatherPlannerDemo_WeatherPlannerDemoUITests.framework */; };
		87C945DCF90E289CA788F9ED /* Pods_WeatherPlannerDemo.framework in Frameworks */ = {isa = PBXBuildFile; fileRef = 1A36063A48192A785255E7EE /* Pods_WeatherPlannerDemo.framework */; };
		B407F9EB2593A301007F221A /* RxDataSources+Section.swift in Sources */ = {isa = PBXBuildFile; fileRef = B407F9EA2593A301007F221A /* RxDataSources+Section.swift */; };
		B4152E39259CAC770070CFA7 /* CityListPresenterTests.swift in Sources */ = {isa = PBXBuildFile; fileRef = B4152E38259CAC770070CFA7 /* CityListPresenterTests.swift */; };
		B4152E44259CBA570070CFA7 /* CoordinatorMock.swift in Sources */ = {isa = PBXBuildFile; fileRef = B4152E43259CBA570070CFA7 /* CoordinatorMock.swift */; };
		B4152E4F259CBE840070CFA7 /* CityListUseCaseMock.swift in Sources */ = {isa = PBXBuildFile; fileRef = B4152E4E259CBE840070CFA7 /* CityListUseCaseMock.swift */; };
		B421D88A2594DBD5007F28F7 /* FetchedResultsController+Rx.swift in Sources */ = {isa = PBXBuildFile; fileRef = B421D8892594DBD5007F28F7 /* FetchedResultsController+Rx.swift */; };
		B421D88F2594DC12007F28F7 /* NSManagedObjectContext+Rx.swift in Sources */ = {isa = PBXBuildFile; fileRef = B421D88E2594DC12007F28F7 /* NSManagedObjectContext+Rx.swift */; };
		B42EA113258CBA0F00FF6DEB /* Predicates.swift in Sources */ = {isa = PBXBuildFile; fileRef = B42EA112258CBA0F00FF6DEB /* Predicates.swift */; };
		B453C9A6257E2010003D5227 /* AppDelegate.swift in Sources */ = {isa = PBXBuildFile; fileRef = B453C9A5257E2010003D5227 /* AppDelegate.swift */; };
		B453C9A8257E2010003D5227 /* SceneDelegate.swift in Sources */ = {isa = PBXBuildFile; fileRef = B453C9A7257E2010003D5227 /* SceneDelegate.swift */; };
		B453C9AF257E2011003D5227 /* Assets.xcassets in Resources */ = {isa = PBXBuildFile; fileRef = B453C9AE257E2011003D5227 /* Assets.xcassets */; };
		B453C9B2257E2011003D5227 /* LaunchScreen.storyboard in Resources */ = {isa = PBXBuildFile; fileRef = B453C9B0257E2011003D5227 /* LaunchScreen.storyboard */; };
		B453C9C8257E2011003D5227 /* WeatherPlannerDemoUITests.swift in Sources */ = {isa = PBXBuildFile; fileRef = B453C9C7257E2011003D5227 /* WeatherPlannerDemoUITests.swift */; };
		B453C9EF257E37EA003D5227 /* HttpMethod.swift in Sources */ = {isa = PBXBuildFile; fileRef = B453C9EC257E37EA003D5227 /* HttpMethod.swift */; };
		B453C9F0257E37EA003D5227 /* HttpStatusCode.swift in Sources */ = {isa = PBXBuildFile; fileRef = B453C9EE257E37EA003D5227 /* HttpStatusCode.swift */; };
		B453C9F1257E37EA003D5227 /* ApiError.swift in Sources */ = {isa = PBXBuildFile; fileRef = B453C9ED257E37EA003D5227 /* ApiError.swift */; };
		B453CA03257E3858003D5227 /* ApiClientProtocol.swift in Sources */ = {isa = PBXBuildFile; fileRef = B453CA02257E3858003D5227 /* ApiClientProtocol.swift */; };
		B453CA08257E38EF003D5227 /* BaseApiClient.swift in Sources */ = {isa = PBXBuildFile; fileRef = B453CA07257E38EF003D5227 /* BaseApiClient.swift */; };
		B453CA0D257E481A003D5227 /* ApiEndpoints.swift in Sources */ = {isa = PBXBuildFile; fileRef = B453CA0C257E481A003D5227 /* ApiEndpoints.swift */; };
		B453CA18257E4E57003D5227 /* QueryParameters+Extension.swift in Sources */ = {isa = PBXBuildFile; fileRef = B453CA17257E4E57003D5227 /* QueryParameters+Extension.swift */; };
		B453CA1D257E4EBE003D5227 /* CityQueryParameters.swift in Sources */ = {isa = PBXBuildFile; fileRef = B453CA1C257E4EBE003D5227 /* CityQueryParameters.swift */; };
		B453CA26257E54EA003D5227 /* MeasurementUnit.swift in Sources */ = {isa = PBXBuildFile; fileRef = B453CA25257E54EA003D5227 /* MeasurementUnit.swift */; };
		B453CA2E257E5529003D5227 /* WeatherResponseLanguage.swift in Sources */ = {isa = PBXBuildFile; fileRef = B453CA2D257E5529003D5227 /* WeatherResponseLanguage.swift */; };
		B453CA34257E5673003D5227 /* City.swift in Sources */ = {isa = PBXBuildFile; fileRef = B453CA33257E5673003D5227 /* City.swift */; };
		B453CA3F257E6617003D5227 /* NetworkModule.swift in Sources */ = {isa = PBXBuildFile; fileRef = B453CA3E257E6617003D5227 /* NetworkModule.swift */; };
		B453CA47257E7DF2003D5227 /* Logger.swift in Sources */ = {isa = PBXBuildFile; fileRef = B453CA46257E7DF2003D5227 /* Logger.swift */; };
		B453CA74257F9623003D5227 /* ConstructViewsProtocol.swift in Sources */ = {isa = PBXBuildFile; fileRef = B453CA73257F9623003D5227 /* ConstructViewsProtocol.swift */; };
		B453CA88257F9731003D5227 /* CityListViewController.swift in Sources */ = {isa = PBXBuildFile; fileRef = B453CA87257F9731003D5227 /* CityListViewController.swift */; };
		B453CA95257FA06B003D5227 /* CityListViewController+Design.swift in Sources */ = {isa = PBXBuildFile; fileRef = B453CA94257FA06B003D5227 /* CityListViewController+Design.swift */; };
		B453CA9A257FA430003D5227 /* CityListPresenter.swift in Sources */ = {isa = PBXBuildFile; fileRef = B453CA99257FA430003D5227 /* CityListPresenter.swift */; };
		B453CA9F257FA47E003D5227 /* CityViewModel.swift in Sources */ = {isa = PBXBuildFile; fileRef = B453CA9E257FA47E003D5227 /* CityViewModel.swift */; };
		B453CAA5257FAC27003D5227 /* LocalizationService.swift in Sources */ = {isa = PBXBuildFile; fileRef = B453CAA4257FAC27003D5227 /* LocalizationService.swift */; };
		B453CAAD257FAC5A003D5227 /* Localizable.strings in Resources */ = {isa = PBXBuildFile; fileRef = B453CAAC257FAC5A003D5227 /* Localizable.strings */; };
		B453CAB2257FB15D003D5227 /* CitiesInCircleQueryParameters.swift in Sources */ = {isa = PBXBuildFile; fileRef = B453CAB1257FB15D003D5227 /* CitiesInCircleQueryParameters.swift */; };
		B453CAB7257FB58E003D5227 /* CitiesInCircle.swift in Sources */ = {isa = PBXBuildFile; fileRef = B453CAB6257FB58E003D5227 /* CitiesInCircle.swift */; };
		B453CAC1257FC50D003D5227 /* CityListTableViewCell.swift in Sources */ = {isa = PBXBuildFile; fileRef = B453CAC0257FC50D003D5227 /* CityListTableViewCell.swift */; };
		B453CAC6257FC57F003D5227 /* CityListTableViewCell+Design.swift in Sources */ = {isa = PBXBuildFile; fileRef = B453CAC5257FC57F003D5227 /* CityListTableViewCell+Design.swift */; };
		B453CAD52580EF3A003D5227 /* (null) in Sources */ = {isa = PBXBuildFile; };
		B453CADA2580EF52003D5227 /* (null) in Sources */ = {isa = PBXBuildFile; };
		B453CAE32580F220003D5227 /* (null) in Sources */ = {isa = PBXBuildFile; };
		B453CAED25810394003D5227 /* (null) in Sources */ = {isa = PBXBuildFile; };
		B453CAF22581058C003D5227 /* (null) in Sources */ = {isa = PBXBuildFile; };
		B453CAF725810857003D5227 /* (null) in Sources */ = {isa = PBXBuildFile; };
		B453CAFC25810B6E003D5227 /* (null) in Sources */ = {isa = PBXBuildFile; };
		B453CB0125810DB8003D5227 /* (null) in Sources */ = {isa = PBXBuildFile; };
		B453CB0F25811BAE003D5227 /* (null) in Sources */ = {isa = PBXBuildFile; };
		B453CB1425811BDC003D5227 /* (null) in Sources */ = {isa = PBXBuildFile; };
		B453CB1925812817003D5227 /* (null) in Sources */ = {isa = PBXBuildFile; };
		B453CB2B258230DA003D5227 /* (null) in Sources */ = {isa = PBXBuildFile; };
		B453CB3325823102003D5227 /* (null) in Sources */ = {isa = PBXBuildFile; };
		B453CB90258399B1003D5227 /* Font.swift in Sources */ = {isa = PBXBuildFile; fileRef = B453CB8F258399B1003D5227 /* Font.swift */; };
		B453CBA92583A383003D5227 /* Color.swift in Sources */ = {isa = PBXBuildFile; fileRef = B453CBA62583A383003D5227 /* Color.swift */; };
		B453CBAA2583A383003D5227 /* AirPollutionViewModel+Extension.swift in Sources */ = {isa = PBXBuildFile; fileRef = B453CBA72583A383003D5227 /* AirPollutionViewModel+Extension.swift */; };
		B453CBAB2583A383003D5227 /* Double+StringExtension.swift in Sources */ = {isa = PBXBuildFile; fileRef = B453CBA82583A383003D5227 /* Double+StringExtension.swift */; };
		B453CBB02583A3C0003D5227 /* AirPollutionViewModel.swift in Sources */ = {isa = PBXBuildFile; fileRef = B453CBAF2583A3C0003D5227 /* AirPollutionViewModel.swift */; };
		B453CBB52583A3D6003D5227 /* AirPollution.swift in Sources */ = {isa = PBXBuildFile; fileRef = B453CBB42583A3D6003D5227 /* AirPollution.swift */; };
		B453CBBB2583A3F0003D5227 /* CityDetailsViewController+Design.swift in Sources */ = {isa = PBXBuildFile; fileRef = B453CBB92583A3F0003D5227 /* CityDetailsViewController+Design.swift */; };
		B453CBBC2583A3F0003D5227 /* CityDetailsViewController.swift in Sources */ = {isa = PBXBuildFile; fileRef = B453CBBA2583A3F0003D5227 /* CityDetailsViewController.swift */; };
		B453CBC12583A407003D5227 /* CityDetailsPresenter.swift in Sources */ = {isa = PBXBuildFile; fileRef = B453CBC02583A407003D5227 /* CityDetailsPresenter.swift */; };
		B453CBC62583A41F003D5227 /* AirPollutionQueryParameters.swift in Sources */ = {isa = PBXBuildFile; fileRef = B453CBC52583A41F003D5227 /* AirPollutionQueryParameters.swift */; };
		B453CBCE2583A438003D5227 /* CityDetailsHeaderView+Design.swift in Sources */ = {isa = PBXBuildFile; fileRef = B453CBCA2583A437003D5227 /* CityDetailsHeaderView+Design.swift */; };
		B453CBCF2583A438003D5227 /* CityDetailsTableViewCell.swift in Sources */ = {isa = PBXBuildFile; fileRef = B453CBCB2583A437003D5227 /* CityDetailsTableViewCell.swift */; };
		B453CBD02583A438003D5227 /* CityDetailsTableViewCell+Design.swift in Sources */ = {isa = PBXBuildFile; fileRef = B453CBCC2583A437003D5227 /* CityDetailsTableViewCell+Design.swift */; };
		B453CBD12583A438003D5227 /* CityDetailsHeaderView.swift in Sources */ = {isa = PBXBuildFile; fileRef = B453CBCD2583A438003D5227 /* CityDetailsHeaderView.swift */; };
		B45AFD25259E281500E94FE8 /* CoreDataStackMock.swift in Sources */ = {isa = PBXBuildFile; fileRef = B45AFD24259E281500E94FE8 /* CoreDataStackMock.swift */; };
		B47D83FB25A21602005A1179 /* SourceryProtocols.swift in Sources */ = {isa = PBXBuildFile; fileRef = B4FFA2B5259DE6C5009D4E4D /* SourceryProtocols.swift */; };
		B47D840025A21852005A1179 /* AutoMockable.generated.swift in Sources */ = {isa = PBXBuildFile; fileRef = B47D83FF25A21852005A1179 /* AutoMockable.generated.swift */; };
		B4881A492587AD1200AEEB27 /* CityListUseCase.swift in Sources */ = {isa = PBXBuildFile; fileRef = B4881A482587AD1200AEEB27 /* CityListUseCase.swift */; };
		B4881A4E2587AD9B00AEEB27 /* CityListRepository.swift in Sources */ = {isa = PBXBuildFile; fileRef = B4881A4D2587AD9B00AEEB27 /* CityListRepository.swift */; };
		B4881A562587AE2700AEEB27 /* CityListRepositoryProtocol.swift in Sources */ = {isa = PBXBuildFile; fileRef = B4881A552587AE2700AEEB27 /* CityListRepositoryProtocol.swift */; };
		B4881A5B2587B2F300AEEB27 /* AppDependencies.swift in Sources */ = {isa = PBXBuildFile; fileRef = B4881A5A2587B2F300AEEB27 /* AppDependencies.swift */; };
		B4881A652587B41600AEEB27 /* CityDetailsUseCase.swift in Sources */ = {isa = PBXBuildFile; fileRef = B4881A642587B41600AEEB27 /* CityDetailsUseCase.swift */; };
		B4881A6A2587B45800AEEB27 /* CityDetailsRepository.swift in Sources */ = {isa = PBXBuildFile; fileRef = B4881A692587B45800AEEB27 /* CityDetailsRepository.swift */; };
		B4881A6F2587B48A00AEEB27 /* CityDetailsRepositoryProtocol.swift in Sources */ = {isa = PBXBuildFile; fileRef = B4881A6E2587B48A00AEEB27 /* CityDetailsRepositoryProtocol.swift */; };
		B48D172F2587673B00511C47 /* AirPollutionDetailsViewModel.swift in Sources */ = {isa = PBXBuildFile; fileRef = B48D172E2587673B00511C47 /* AirPollutionDetailsViewModel.swift */; };
		B48EA6852589FC3D00F87C65 /* CityListUseCaseProtocol.swift in Sources */ = {isa = PBXBuildFile; fileRef = B48EA6842589FC3D00F87C65 /* CityListUseCaseProtocol.swift */; };
		B48EA68A258A075500F87C65 /* CityDetailsUseCaseProtocol.swift in Sources */ = {isa = PBXBuildFile; fileRef = B48EA689258A075500F87C65 /* CityDetailsUseCaseProtocol.swift */; };
		B48EA696258A225A00F87C65 /* WeatherPlannerModel.xcdatamodeld in Sources */ = {isa = PBXBuildFile; fileRef = B48EA694258A225A00F87C65 /* WeatherPlannerModel.xcdatamodeld */; };
		B48EA6FD258A3DCC00F87C65 /* CDWeather+CoreDataClass.swift in Sources */ = {isa = PBXBuildFile; fileRef = B48EA6FC258A3DCC00F87C65 /* CDWeather+CoreDataClass.swift */; };
		B48EA708258A3E8F00F87C65 /* CDTemperature+CoreDataClass.swift in Sources */ = {isa = PBXBuildFile; fileRef = B48EA706258A3E8F00F87C65 /* CDTemperature+CoreDataClass.swift */; };
		B48EA728258A3F9100F87C65 /* CDAirPollution+CoreDataClass.swift in Sources */ = {isa = PBXBuildFile; fileRef = B48EA727258A3F9100F87C65 /* CDAirPollution+CoreDataClass.swift */; };
		B48EA73C258A400200F87C65 /* CDCoordination+CoreDataClass.swift in Sources */ = {isa = PBXBuildFile; fileRef = B48EA73B258A400200F87C65 /* CDCoordination+CoreDataClass.swift */; };
		B48EA74E258A405900F87C65 /* CDWind+CoreDataClass.swift in Sources */ = {isa = PBXBuildFile; fileRef = B48EA74D258A405900F87C65 /* CDWind+CoreDataClass.swift */; };
		B48EA756258A408200F87C65 /* CDCity+CoreDataClass.swift in Sources */ = {isa = PBXBuildFile; fileRef = B48EA755258A408200F87C65 /* CDCity+CoreDataClass.swift */; };
		B48EA763258A422A00F87C65 /* CoreDataStack.swift in Sources */ = {isa = PBXBuildFile; fileRef = B48EA762258A422A00F87C65 /* CoreDataStack.swift */; };
		B4A19B22259B5A7A00755804 /* AppModuleProtocol.swift in Sources */ = {isa = PBXBuildFile; fileRef = B4A19B21259B5A7A00755804 /* AppModuleProtocol.swift */; };
		B4A19B27259B5B2600755804 /* CoreDataModule.swift in Sources */ = {isa = PBXBuildFile; fileRef = B4A19B26259B5B2600755804 /* CoreDataModule.swift */; };
		B4A19B59259B7DEF00755804 /* Resolver+Extension.swift in Sources */ = {isa = PBXBuildFile; fileRef = B4A19B58259B7DEF00755804 /* Resolver+Extension.swift */; };
		B4ACAF9C2588E276008141E1 /* CityListApiClient.swift in Sources */ = {isa = PBXBuildFile; fileRef = B4ACAF9B2588E276008141E1 /* CityListApiClient.swift */; };
		B4ACAFA12588EA01008141E1 /* CityListApiClientProtocol.swift in Sources */ = {isa = PBXBuildFile; fileRef = B4ACAFA02588EA01008141E1 /* CityListApiClientProtocol.swift */; };
		B4ACAFA62588F1F1008141E1 /* CityDetailsApiClient.swift in Sources */ = {isa = PBXBuildFile; fileRef = B4ACAFA52588F1F1008141E1 /* CityDetailsApiClient.swift */; };
		B4ACAFAB2588F204008141E1 /* CityDetailsApiClientProtocol.swift in Sources */ = {isa = PBXBuildFile; fileRef = B4ACAFAA2588F204008141E1 /* CityDetailsApiClientProtocol.swift */; };
		B4ACAFB12588FACC008141E1 /* AppCoordinator.swift in Sources */ = {isa = PBXBuildFile; fileRef = B4ACAFB02588FACC008141E1 /* AppCoordinator.swift */; };
		B4ACAFB92588FAD7008141E1 /* CoordinatorProtocol.swift in Sources */ = {isa = PBXBuildFile; fileRef = B4ACAFB82588FAD7008141E1 /* CoordinatorProtocol.swift */; };
		B4C9C9F8258B67730022F99C /* Reachability+Extension.swift in Sources */ = {isa = PBXBuildFile; fileRef = B4C9C9F7258B67730022F99C /* Reachability+Extension.swift */; };
		B4C9CA00258B75CB0022F99C /* CoreDataService.swift in Sources */ = {isa = PBXBuildFile; fileRef = B4C9C9FF258B75CB0022F99C /* CoreDataService.swift */; };
		B4C9CA08258B75E30022F99C /* CoreDataServiceProtocol.swift in Sources */ = {isa = PBXBuildFile; fileRef = B4C9CA07258B75E30022F99C /* CoreDataServiceProtocol.swift */; };
		B4EFE2E325948E17002EE0F1 /* Constants.swift in Sources */ = {isa = PBXBuildFile; fileRef = B4EFE2E225948E17002EE0F1 /* Constants.swift */; };
		B4F5D3D0258B86F200F511C4 /* CoreDataStackProtocol.swift in Sources */ = {isa = PBXBuildFile; fileRef = B4F5D3CF258B86F200F511C4 /* CoreDataStackProtocol.swift */; };
		B4FC9C9125A2007A006F098A /* CityDetailsPresenterTests.swift in Sources */ = {isa = PBXBuildFile; fileRef = B4FC9C9025A2007A006F098A /* CityDetailsPresenterTests.swift */; };
		B4FC9C9B25A200FC006F098A /* CityDetailsUseCaseMock.swift in Sources */ = {isa = PBXBuildFile; fileRef = B4FC9C9A25A200FC006F098A /* CityDetailsUseCaseMock.swift */; };
		B4FFA2F3259E07ED009D4E4D /* AutoMockable.stencil in Resources */ = {isa = PBXBuildFile; fileRef = B4FFA2F2259E07ED009D4E4D /* AutoMockable.stencil */; };
/* End PBXBuildFile section */

/* Begin PBXContainerItemProxy section */
		B453C9B9257E2011003D5227 /* PBXContainerItemProxy */ = {
			isa = PBXContainerItemProxy;
			containerPortal = B453C99A257E2010003D5227 /* Project object */;
			proxyType = 1;
			remoteGlobalIDString = B453C9A1257E2010003D5227;
			remoteInfo = WeatherPlannerDemo;
		};
		B453C9C4257E2011003D5227 /* PBXContainerItemProxy */ = {
			isa = PBXContainerItemProxy;
			containerPortal = B453C99A257E2010003D5227 /* Project object */;
			proxyType = 1;
			remoteGlobalIDString = B453C9A1257E2010003D5227;
			remoteInfo = WeatherPlannerDemo;
		};
/* End PBXContainerItemProxy section */

/* Begin PBXFileReference section */
		1A36063A48192A785255E7EE /* Pods_WeatherPlannerDemo.framework */ = {isa = PBXFileReference; explicitFileType = wrapper.framework; includeInIndex = 0; path = Pods_WeatherPlannerDemo.framework; sourceTree = BUILT_PRODUCTS_DIR; };
		362C8966554DDC31E8DF7BDF /* Pods-WeatherPlannerDemoTests.debug.xcconfig */ = {isa = PBXFileReference; includeInIndex = 1; lastKnownFileType = text.xcconfig; name = "Pods-WeatherPlannerDemoTests.debug.xcconfig"; path = "Target Support Files/Pods-WeatherPlannerDemoTests/Pods-WeatherPlannerDemoTests.debug.xcconfig"; sourceTree = "<group>"; };
		5F708F122D9CFD1405366A23 /* Pods-WeatherPlannerDemo.debug.xcconfig */ = {isa = PBXFileReference; includeInIndex = 1; lastKnownFileType = text.xcconfig; name = "Pods-WeatherPlannerDemo.debug.xcconfig"; path = "Target Support Files/Pods-WeatherPlannerDemo/Pods-WeatherPlannerDemo.debug.xcconfig"; sourceTree = "<group>"; };
		674FCBCA6BA640464E8ABBA6 /* Pods-WeatherPlannerDemoTests.release.xcconfig */ = {isa = PBXFileReference; includeInIndex = 1; lastKnownFileType = text.xcconfig; name = "Pods-WeatherPlannerDemoTests.release.xcconfig"; path = "Target Support Files/Pods-WeatherPlannerDemoTests/Pods-WeatherPlannerDemoTests.release.xcconfig"; sourceTree = "<group>"; };
		77987F981F640C3C2B9CDF74 /* Pods-WeatherPlannerDemo-WeatherPlannerDemoUITests.release.xcconfig */ = {isa = PBXFileReference; includeInIndex = 1; lastKnownFileType = text.xcconfig; name = "Pods-WeatherPlannerDemo-WeatherPlannerDemoUITests.release.xcconfig"; path = "Target Support Files/Pods-WeatherPlannerDemo-WeatherPlannerDemoUITests/Pods-WeatherPlannerDemo-WeatherPlannerDemoUITests.release.xcconfig"; sourceTree = "<group>"; };
		A8AFFCF5F4FF99AFC91B75E5 /* Pods-WeatherPlannerDemo-WeatherPlannerDemoUITests.debug.xcconfig */ = {isa = PBXFileReference; includeInIndex = 1; lastKnownFileType = text.xcconfig; name = "Pods-WeatherPlannerDemo-WeatherPlannerDemoUITests.debug.xcconfig"; path = "Target Support Files/Pods-WeatherPlannerDemo-WeatherPlannerDemoUITests/Pods-WeatherPlannerDemo-WeatherPlannerDemoUITests.debug.xcconfig"; sourceTree = "<group>"; };
		B3314DDE04066065537C384C /* Pods-WeatherPlannerDemo.release.xcconfig */ = {isa = PBXFileReference; includeInIndex = 1; lastKnownFileType = text.xcconfig; name = "Pods-WeatherPlannerDemo.release.xcconfig"; path = "Target Support Files/Pods-WeatherPlannerDemo/Pods-WeatherPlannerDemo.release.xcconfig"; sourceTree = "<group>"; };
		B407F9EA2593A301007F221A /* RxDataSources+Section.swift */ = {isa = PBXFileReference; lastKnownFileType = sourcecode.swift; path = "RxDataSources+Section.swift"; sourceTree = "<group>"; };
		B4152E38259CAC770070CFA7 /* CityListPresenterTests.swift */ = {isa = PBXFileReference; lastKnownFileType = sourcecode.swift; path = CityListPresenterTests.swift; sourceTree = "<group>"; };
		B4152E43259CBA570070CFA7 /* CoordinatorMock.swift */ = {isa = PBXFileReference; lastKnownFileType = sourcecode.swift; path = CoordinatorMock.swift; sourceTree = "<group>"; };
		B4152E4E259CBE840070CFA7 /* CityListUseCaseMock.swift */ = {isa = PBXFileReference; lastKnownFileType = sourcecode.swift; path = CityListUseCaseMock.swift; sourceTree = "<group>"; };
		B421D8892594DBD5007F28F7 /* FetchedResultsController+Rx.swift */ = {isa = PBXFileReference; lastKnownFileType = sourcecode.swift; path = "FetchedResultsController+Rx.swift"; sourceTree = "<group>"; };
		B421D88E2594DC12007F28F7 /* NSManagedObjectContext+Rx.swift */ = {isa = PBXFileReference; lastKnownFileType = sourcecode.swift; path = "NSManagedObjectContext+Rx.swift"; sourceTree = "<group>"; };
		B42EA112258CBA0F00FF6DEB /* Predicates.swift */ = {isa = PBXFileReference; lastKnownFileType = sourcecode.swift; path = Predicates.swift; sourceTree = "<group>"; };
		B453C9A2257E2010003D5227 /* WeatherPlannerDemo.app */ = {isa = PBXFileReference; explicitFileType = wrapper.application; includeInIndex = 0; path = WeatherPlannerDemo.app; sourceTree = BUILT_PRODUCTS_DIR; };
		B453C9A5257E2010003D5227 /* AppDelegate.swift */ = {isa = PBXFileReference; lastKnownFileType = sourcecode.swift; path = AppDelegate.swift; sourceTree = "<group>"; };
		B453C9A7257E2010003D5227 /* SceneDelegate.swift */ = {isa = PBXFileReference; lastKnownFileType = sourcecode.swift; path = SceneDelegate.swift; sourceTree = "<group>"; };
		B453C9AE257E2011003D5227 /* Assets.xcassets */ = {isa = PBXFileReference; lastKnownFileType = folder.assetcatalog; path = Assets.xcassets; sourceTree = "<group>"; };
		B453C9B1257E2011003D5227 /* Base */ = {isa = PBXFileReference; lastKnownFileType = file.storyboard; name = Base; path = Base.lproj/LaunchScreen.storyboard; sourceTree = "<group>"; };
		B453C9B3257E2011003D5227 /* Info.plist */ = {isa = PBXFileReference; lastKnownFileType = text.plist.xml; path = Info.plist; sourceTree = "<group>"; };
		B453C9B8257E2011003D5227 /* WeatherPlannerDemoTests.xctest */ = {isa = PBXFileReference; explicitFileType = wrapper.cfbundle; includeInIndex = 0; path = WeatherPlannerDemoTests.xctest; sourceTree = BUILT_PRODUCTS_DIR; };
		B453C9BE257E2011003D5227 /* Info.plist */ = {isa = PBXFileReference; lastKnownFileType = text.plist.xml; path = Info.plist; sourceTree = "<group>"; };
		B453C9C3257E2011003D5227 /* WeatherPlannerDemoUITests.xctest */ = {isa = PBXFileReference; explicitFileType = wrapper.cfbundle; includeInIndex = 0; path = WeatherPlannerDemoUITests.xctest; sourceTree = BUILT_PRODUCTS_DIR; };
		B453C9C7257E2011003D5227 /* WeatherPlannerDemoUITests.swift */ = {isa = PBXFileReference; lastKnownFileType = sourcecode.swift; path = WeatherPlannerDemoUITests.swift; sourceTree = "<group>"; };
		B453C9C9257E2011003D5227 /* Info.plist */ = {isa = PBXFileReference; lastKnownFileType = text.plist.xml; path = Info.plist; sourceTree = "<group>"; };
		B453C9EC257E37EA003D5227 /* HttpMethod.swift */ = {isa = PBXFileReference; lastKnownFileType = sourcecode.swift; path = HttpMethod.swift; sourceTree = "<group>"; };
		B453C9ED257E37EA003D5227 /* ApiError.swift */ = {isa = PBXFileReference; lastKnownFileType = sourcecode.swift; path = ApiError.swift; sourceTree = "<group>"; };
		B453C9EE257E37EA003D5227 /* HttpStatusCode.swift */ = {isa = PBXFileReference; lastKnownFileType = sourcecode.swift; path = HttpStatusCode.swift; sourceTree = "<group>"; };
		B453CA02257E3858003D5227 /* ApiClientProtocol.swift */ = {isa = PBXFileReference; lastKnownFileType = sourcecode.swift; path = ApiClientProtocol.swift; sourceTree = "<group>"; };
		B453CA07257E38EF003D5227 /* BaseApiClient.swift */ = {isa = PBXFileReference; lastKnownFileType = sourcecode.swift; path = BaseApiClient.swift; sourceTree = "<group>"; };
		B453CA0C257E481A003D5227 /* ApiEndpoints.swift */ = {isa = PBXFileReference; lastKnownFileType = sourcecode.swift; path = ApiEndpoints.swift; sourceTree = "<group>"; };
		B453CA17257E4E57003D5227 /* QueryParameters+Extension.swift */ = {isa = PBXFileReference; lastKnownFileType = sourcecode.swift; path = "QueryParameters+Extension.swift"; sourceTree = "<group>"; };
		B453CA1C257E4EBE003D5227 /* CityQueryParameters.swift */ = {isa = PBXFileReference; lastKnownFileType = sourcecode.swift; path = CityQueryParameters.swift; sourceTree = "<group>"; };
		B453CA25257E54EA003D5227 /* MeasurementUnit.swift */ = {isa = PBXFileReference; lastKnownFileType = sourcecode.swift; path = MeasurementUnit.swift; sourceTree = "<group>"; };
		B453CA2D257E5529003D5227 /* WeatherResponseLanguage.swift */ = {isa = PBXFileReference; lastKnownFileType = sourcecode.swift; path = WeatherResponseLanguage.swift; sourceTree = "<group>"; };
		B453CA33257E5673003D5227 /* City.swift */ = {isa = PBXFileReference; lastKnownFileType = sourcecode.swift; path = City.swift; sourceTree = "<group>"; };
		B453CA3E257E6617003D5227 /* NetworkModule.swift */ = {isa = PBXFileReference; fileEncoding = 4; lastKnownFileType = sourcecode.swift; path = NetworkModule.swift; sourceTree = "<group>"; };
		B453CA46257E7DF2003D5227 /* Logger.swift */ = {isa = PBXFileReference; lastKnownFileType = sourcecode.swift; path = Logger.swift; sourceTree = "<group>"; };
		B453CA73257F9623003D5227 /* ConstructViewsProtocol.swift */ = {isa = PBXFileReference; lastKnownFileType = sourcecode.swift; path = ConstructViewsProtocol.swift; sourceTree = "<group>"; };
		B453CA87257F9731003D5227 /* CityListViewController.swift */ = {isa = PBXFileReference; lastKnownFileType = sourcecode.swift; path = CityListViewController.swift; sourceTree = "<group>"; };
		B453CA94257FA06B003D5227 /* CityListViewController+Design.swift */ = {isa = PBXFileReference; lastKnownFileType = sourcecode.swift; path = "CityListViewController+Design.swift"; sourceTree = "<group>"; };
		B453CA99257FA430003D5227 /* CityListPresenter.swift */ = {isa = PBXFileReference; lastKnownFileType = sourcecode.swift; path = CityListPresenter.swift; sourceTree = "<group>"; };
		B453CA9E257FA47E003D5227 /* CityViewModel.swift */ = {isa = PBXFileReference; lastKnownFileType = sourcecode.swift; path = CityViewModel.swift; sourceTree = "<group>"; };
		B453CAA4257FAC27003D5227 /* LocalizationService.swift */ = {isa = PBXFileReference; lastKnownFileType = sourcecode.swift; path = LocalizationService.swift; sourceTree = "<group>"; };
		B453CAAC257FAC5A003D5227 /* Localizable.strings */ = {isa = PBXFileReference; lastKnownFileType = text.plist.strings; path = Localizable.strings; sourceTree = "<group>"; };
		B453CAB1257FB15D003D5227 /* CitiesInCircleQueryParameters.swift */ = {isa = PBXFileReference; lastKnownFileType = sourcecode.swift; path = CitiesInCircleQueryParameters.swift; sourceTree = "<group>"; };
		B453CAB6257FB58E003D5227 /* CitiesInCircle.swift */ = {isa = PBXFileReference; lastKnownFileType = sourcecode.swift; path = CitiesInCircle.swift; sourceTree = "<group>"; };
		B453CAC0257FC50D003D5227 /* CityListTableViewCell.swift */ = {isa = PBXFileReference; lastKnownFileType = sourcecode.swift; path = CityListTableViewCell.swift; sourceTree = "<group>"; };
		B453CAC5257FC57F003D5227 /* CityListTableViewCell+Design.swift */ = {isa = PBXFileReference; lastKnownFileType = sourcecode.swift; path = "CityListTableViewCell+Design.swift"; sourceTree = "<group>"; };
		B453CB8F258399B1003D5227 /* Font.swift */ = {isa = PBXFileReference; lastKnownFileType = sourcecode.swift; path = Font.swift; sourceTree = "<group>"; };
		B453CBA62583A383003D5227 /* Color.swift */ = {isa = PBXFileReference; fileEncoding = 4; lastKnownFileType = sourcecode.swift; path = Color.swift; sourceTree = "<group>"; };
		B453CBA72583A383003D5227 /* AirPollutionViewModel+Extension.swift */ = {isa = PBXFileReference; fileEncoding = 4; lastKnownFileType = sourcecode.swift; path = "AirPollutionViewModel+Extension.swift"; sourceTree = "<group>"; };
		B453CBA82583A383003D5227 /* Double+StringExtension.swift */ = {isa = PBXFileReference; fileEncoding = 4; lastKnownFileType = sourcecode.swift; path = "Double+StringExtension.swift"; sourceTree = "<group>"; };
		B453CBAF2583A3C0003D5227 /* AirPollutionViewModel.swift */ = {isa = PBXFileReference; fileEncoding = 4; lastKnownFileType = sourcecode.swift; path = AirPollutionViewModel.swift; sourceTree = "<group>"; };
		B453CBB42583A3D6003D5227 /* AirPollution.swift */ = {isa = PBXFileReference; fileEncoding = 4; lastKnownFileType = sourcecode.swift; path = AirPollution.swift; sourceTree = "<group>"; };
		B453CBB92583A3F0003D5227 /* CityDetailsViewController+Design.swift */ = {isa = PBXFileReference; fileEncoding = 4; lastKnownFileType = sourcecode.swift; path = "CityDetailsViewController+Design.swift"; sourceTree = "<group>"; };
		B453CBBA2583A3F0003D5227 /* CityDetailsViewController.swift */ = {isa = PBXFileReference; fileEncoding = 4; lastKnownFileType = sourcecode.swift; path = CityDetailsViewController.swift; sourceTree = "<group>"; };
		B453CBC02583A407003D5227 /* CityDetailsPresenter.swift */ = {isa = PBXFileReference; fileEncoding = 4; lastKnownFileType = sourcecode.swift; path = CityDetailsPresenter.swift; sourceTree = "<group>"; };
		B453CBC52583A41F003D5227 /* AirPollutionQueryParameters.swift */ = {isa = PBXFileReference; fileEncoding = 4; lastKnownFileType = sourcecode.swift; path = AirPollutionQueryParameters.swift; sourceTree = "<group>"; };
		B453CBCA2583A437003D5227 /* CityDetailsHeaderView+Design.swift */ = {isa = PBXFileReference; fileEncoding = 4; lastKnownFileType = sourcecode.swift; path = "CityDetailsHeaderView+Design.swift"; sourceTree = "<group>"; };
		B453CBCB2583A437003D5227 /* CityDetailsTableViewCell.swift */ = {isa = PBXFileReference; fileEncoding = 4; lastKnownFileType = sourcecode.swift; path = CityDetailsTableViewCell.swift; sourceTree = "<group>"; };
		B453CBCC2583A437003D5227 /* CityDetailsTableViewCell+Design.swift */ = {isa = PBXFileReference; fileEncoding = 4; lastKnownFileType = sourcecode.swift; path = "CityDetailsTableViewCell+Design.swift"; sourceTree = "<group>"; };
		B453CBCD2583A438003D5227 /* CityDetailsHeaderView.swift */ = {isa = PBXFileReference; fileEncoding = 4; lastKnownFileType = sourcecode.swift; path = CityDetailsHeaderView.swift; sourceTree = "<group>"; };
		B45AFD24259E281500E94FE8 /* CoreDataStackMock.swift */ = {isa = PBXFileReference; lastKnownFileType = sourcecode.swift; path = CoreDataStackMock.swift; sourceTree = "<group>"; };
		B47D83FF25A21852005A1179 /* AutoMockable.generated.swift */ = {isa = PBXFileReference; fileEncoding = 4; lastKnownFileType = sourcecode.swift; path = AutoMockable.generated.swift; sourceTree = "<group>"; };
		B4881A482587AD1200AEEB27 /* CityListUseCase.swift */ = {isa = PBXFileReference; lastKnownFileType = sourcecode.swift; path = CityListUseCase.swift; sourceTree = "<group>"; };
		B4881A4D2587AD9B00AEEB27 /* CityListRepository.swift */ = {isa = PBXFileReference; lastKnownFileType = sourcecode.swift; path = CityListRepository.swift; sourceTree = "<group>"; };
		B4881A552587AE2700AEEB27 /* CityListRepositoryProtocol.swift */ = {isa = PBXFileReference; lastKnownFileType = sourcecode.swift; path = CityListRepositoryProtocol.swift; sourceTree = "<group>"; };
		B4881A5A2587B2F300AEEB27 /* AppDependencies.swift */ = {isa = PBXFileReference; fileEncoding = 4; lastKnownFileType = sourcecode.swift; path = AppDependencies.swift; sourceTree = "<group>"; };
		B4881A642587B41600AEEB27 /* CityDetailsUseCase.swift */ = {isa = PBXFileReference; lastKnownFileType = sourcecode.swift; path = CityDetailsUseCase.swift; sourceTree = "<group>"; };
		B4881A692587B45800AEEB27 /* CityDetailsRepository.swift */ = {isa = PBXFileReference; lastKnownFileType = sourcecode.swift; path = CityDetailsRepository.swift; sourceTree = "<group>"; };
		B4881A6E2587B48A00AEEB27 /* CityDetailsRepositoryProtocol.swift */ = {isa = PBXFileReference; lastKnownFileType = sourcecode.swift; path = CityDetailsRepositoryProtocol.swift; sourceTree = "<group>"; };
		B48D172E2587673B00511C47 /* AirPollutionDetailsViewModel.swift */ = {isa = PBXFileReference; lastKnownFileType = sourcecode.swift; path = AirPollutionDetailsViewModel.swift; sourceTree = "<group>"; };
		B48EA6842589FC3D00F87C65 /* CityListUseCaseProtocol.swift */ = {isa = PBXFileReference; lastKnownFileType = sourcecode.swift; path = CityListUseCaseProtocol.swift; sourceTree = "<group>"; };
		B48EA689258A075500F87C65 /* CityDetailsUseCaseProtocol.swift */ = {isa = PBXFileReference; lastKnownFileType = sourcecode.swift; path = CityDetailsUseCaseProtocol.swift; sourceTree = "<group>"; };
		B48EA695258A225A00F87C65 /* WeatherPlannerModel.xcdatamodel */ = {isa = PBXFileReference; lastKnownFileType = wrapper.xcdatamodel; path = WeatherPlannerModel.xcdatamodel; sourceTree = "<group>"; };
		B48EA6FC258A3DCC00F87C65 /* CDWeather+CoreDataClass.swift */ = {isa = PBXFileReference; fileEncoding = 4; lastKnownFileType = sourcecode.swift; path = "CDWeather+CoreDataClass.swift"; sourceTree = "<group>"; };
		B48EA706258A3E8F00F87C65 /* CDTemperature+CoreDataClass.swift */ = {isa = PBXFileReference; fileEncoding = 4; lastKnownFileType = sourcecode.swift; path = "CDTemperature+CoreDataClass.swift"; sourceTree = "<group>"; };
		B48EA727258A3F9100F87C65 /* CDAirPollution+CoreDataClass.swift */ = {isa = PBXFileReference; fileEncoding = 4; lastKnownFileType = sourcecode.swift; path = "CDAirPollution+CoreDataClass.swift"; sourceTree = "<group>"; };
		B48EA73B258A400200F87C65 /* CDCoordination+CoreDataClass.swift */ = {isa = PBXFileReference; fileEncoding = 4; lastKnownFileType = sourcecode.swift; path = "CDCoordination+CoreDataClass.swift"; sourceTree = "<group>"; };
		B48EA74D258A405900F87C65 /* CDWind+CoreDataClass.swift */ = {isa = PBXFileReference; fileEncoding = 4; lastKnownFileType = sourcecode.swift; path = "CDWind+CoreDataClass.swift"; sourceTree = "<group>"; };
		B48EA755258A408200F87C65 /* CDCity+CoreDataClass.swift */ = {isa = PBXFileReference; fileEncoding = 4; lastKnownFileType = sourcecode.swift; path = "CDCity+CoreDataClass.swift"; sourceTree = "<group>"; };
		B48EA762258A422A00F87C65 /* CoreDataStack.swift */ = {isa = PBXFileReference; lastKnownFileType = sourcecode.swift; path = CoreDataStack.swift; sourceTree = "<group>"; };
		B4A19B21259B5A7A00755804 /* AppModuleProtocol.swift */ = {isa = PBXFileReference; lastKnownFileType = sourcecode.swift; path = AppModuleProtocol.swift; sourceTree = "<group>"; };
		B4A19B26259B5B2600755804 /* CoreDataModule.swift */ = {isa = PBXFileReference; lastKnownFileType = sourcecode.swift; path = CoreDataModule.swift; sourceTree = "<group>"; };
		B4A19B58259B7DEF00755804 /* Resolver+Extension.swift */ = {isa = PBXFileReference; fileEncoding = 4; lastKnownFileType = sourcecode.swift; path = "Resolver+Extension.swift"; sourceTree = "<group>"; };
		B4ACAF9B2588E276008141E1 /* CityListApiClient.swift */ = {isa = PBXFileReference; lastKnownFileType = sourcecode.swift; path = CityListApiClient.swift; sourceTree = "<group>"; };
		B4ACAFA02588EA01008141E1 /* CityListApiClientProtocol.swift */ = {isa = PBXFileReference; lastKnownFileType = sourcecode.swift; path = CityListApiClientProtocol.swift; sourceTree = "<group>"; };
		B4ACAFA52588F1F1008141E1 /* CityDetailsApiClient.swift */ = {isa = PBXFileReference; lastKnownFileType = sourcecode.swift; path = CityDetailsApiClient.swift; sourceTree = "<group>"; };
		B4ACAFAA2588F204008141E1 /* CityDetailsApiClientProtocol.swift */ = {isa = PBXFileReference; lastKnownFileType = sourcecode.swift; path = CityDetailsApiClientProtocol.swift; sourceTree = "<group>"; };
		B4ACAFB02588FACC008141E1 /* AppCoordinator.swift */ = {isa = PBXFileReference; lastKnownFileType = sourcecode.swift; path = AppCoordinator.swift; sourceTree = "<group>"; };
		B4ACAFB82588FAD7008141E1 /* CoordinatorProtocol.swift */ = {isa = PBXFileReference; lastKnownFileType = sourcecode.swift; path = CoordinatorProtocol.swift; sourceTree = "<group>"; };
		B4C9C9F7258B67730022F99C /* Reachability+Extension.swift */ = {isa = PBXFileReference; lastKnownFileType = sourcecode.swift; path = "Reachability+Extension.swift"; sourceTree = "<group>"; };
		B4C9C9FF258B75CB0022F99C /* CoreDataService.swift */ = {isa = PBXFileReference; lastKnownFileType = sourcecode.swift; path = CoreDataService.swift; sourceTree = "<group>"; };
		B4C9CA07258B75E30022F99C /* CoreDataServiceProtocol.swift */ = {isa = PBXFileReference; lastKnownFileType = sourcecode.swift; path = CoreDataServiceProtocol.swift; sourceTree = "<group>"; };
		B4EFE2E225948E17002EE0F1 /* Constants.swift */ = {isa = PBXFileReference; lastKnownFileType = sourcecode.swift; path = Constants.swift; sourceTree = "<group>"; };
		B4F5D3CF258B86F200F511C4 /* CoreDataStackProtocol.swift */ = {isa = PBXFileReference; fileEncoding = 4; lastKnownFileType = sourcecode.swift; path = CoreDataStackProtocol.swift; sourceTree = "<group>"; };
		B4FC9C9025A2007A006F098A /* CityDetailsPresenterTests.swift */ = {isa = PBXFileReference; lastKnownFileType = sourcecode.swift; path = CityDetailsPresenterTests.swift; sourceTree = "<group>"; };
		B4FC9C9A25A200FC006F098A /* CityDetailsUseCaseMock.swift */ = {isa = PBXFileReference; lastKnownFileType = sourcecode.swift; path = CityDetailsUseCaseMock.swift; sourceTree = "<group>"; };
		B4FFA2B5259DE6C5009D4E4D /* SourceryProtocols.swift */ = {isa = PBXFileReference; lastKnownFileType = sourcecode.swift; path = SourceryProtocols.swift; sourceTree = "<group>"; };
		B4FFA2F2259E07ED009D4E4D /* AutoMockable.stencil */ = {isa = PBXFileReference; fileEncoding = 4; lastKnownFileType = text; path = AutoMockable.stencil; sourceTree = "<group>"; };
		DB6AE98C9E668CB646B04414 /* Pods_WeatherPlannerDemoTests.framework */ = {isa = PBXFileReference; explicitFileType = wrapper.framework; includeInIndex = 0; path = Pods_WeatherPlannerDemoTests.framework; sourceTree = BUILT_PRODUCTS_DIR; };
		E40A4CE7D6B8137F6761D3A7 /* Pods_WeatherPlannerDemo_WeatherPlannerDemoUITests.framework */ = {isa = PBXFileReference; explicitFileType = wrapper.framework; includeInIndex = 0; path = Pods_WeatherPlannerDemo_WeatherPlannerDemoUITests.framework; sourceTree = BUILT_PRODUCTS_DIR; };
/* End PBXFileReference section */

/* Begin PBXFrameworksBuildPhase section */
		B453C99F257E2010003D5227 /* Frameworks */ = {
			isa = PBXFrameworksBuildPhase;
			buildActionMask = 2147483647;
			files = (
				87C945DCF90E289CA788F9ED /* Pods_WeatherPlannerDemo.framework in Frameworks */,
			);
			runOnlyForDeploymentPostprocessing = 0;
		};
		B453C9B5257E2011003D5227 /* Frameworks */ = {
			isa = PBXFrameworksBuildPhase;
			buildActionMask = 2147483647;
			files = (
				09CF9761AF028028BFAFC68B /* Pods_WeatherPlannerDemoTests.framework in Frameworks */,
			);
			runOnlyForDeploymentPostprocessing = 0;
		};
		B453C9C0257E2011003D5227 /* Frameworks */ = {
			isa = PBXFrameworksBuildPhase;
			buildActionMask = 2147483647;
			files = (
				5AF2BC8878F3C00C0C9823E2 /* Pods_WeatherPlannerDemo_WeatherPlannerDemoUITests.framework in Frameworks */,
			);
			runOnlyForDeploymentPostprocessing = 0;
		};
/* End PBXFrameworksBuildPhase section */

/* Begin PBXGroup section */
		8549D20DF313926128D4D742 /* Frameworks */ = {
			isa = PBXGroup;
			children = (
				1A36063A48192A785255E7EE /* Pods_WeatherPlannerDemo.framework */,
				E40A4CE7D6B8137F6761D3A7 /* Pods_WeatherPlannerDemo_WeatherPlannerDemoUITests.framework */,
				DB6AE98C9E668CB646B04414 /* Pods_WeatherPlannerDemoTests.framework */,
			);
			name = Frameworks;
			sourceTree = "<group>";
		};
		B40064332587BBD500129DE6 /* QueryParameters */ = {
			isa = PBXGroup;
			children = (
				B453CA1C257E4EBE003D5227 /* CityQueryParameters.swift */,
				B453CAB1257FB15D003D5227 /* CitiesInCircleQueryParameters.swift */,
			);
			path = QueryParameters;
			sourceTree = "<group>";
		};
		B40064362587BC8400129DE6 /* QueryParameters */ = {
			isa = PBXGroup;
			children = (
				B453CBC52583A41F003D5227 /* AirPollutionQueryParameters.swift */,
			);
			path = QueryParameters;
			sourceTree = "<group>";
		};
		B4152E8E259CD3780070CFA7 /* UseCaseMocks */ = {
			isa = PBXGroup;
			children = (
				B4152E4E259CBE840070CFA7 /* CityListUseCaseMock.swift */,
			);
			path = UseCaseMocks;
			sourceTree = "<group>";
		};
		B4152E96259CD3960070CFA7 /* CoordinatorsMock */ = {
			isa = PBXGroup;
			children = (
				B4152E43259CBA570070CFA7 /* CoordinatorMock.swift */,
			);
			path = CoordinatorsMock;
			sourceTree = "<group>";
		};
		B453C999257E2010003D5227 = {
			isa = PBXGroup;
			children = (
				B453C9A4257E2010003D5227 /* WeatherPlannerDemo */,
				B453C9BB257E2011003D5227 /* WeatherPlannerDemoTests */,
				B453C9C6257E2011003D5227 /* WeatherPlannerDemoUITests */,
				B453C9A3257E2010003D5227 /* Products */,
				DD8E86819EBB2B3B158E4ED6 /* Pods */,
				8549D20DF313926128D4D742 /* Frameworks */,
			);
			sourceTree = "<group>";
		};
		B453C9A3257E2010003D5227 /* Products */ = {
			isa = PBXGroup;
			children = (
				B453C9A2257E2010003D5227 /* WeatherPlannerDemo.app */,
				B453C9B8257E2011003D5227 /* WeatherPlannerDemoTests.xctest */,
				B453C9C3257E2011003D5227 /* WeatherPlannerDemoUITests.xctest */,
			);
			name = Products;
			sourceTree = "<group>";
		};
		B453C9A4257E2010003D5227 /* WeatherPlannerDemo */ = {
			isa = PBXGroup;
			children = (
				B48819F425879EB600AEEB27 /* App */,
				B48819F525879EBC00AEEB27 /* Core */,
				B48819F625879EC900AEEB27 /* Features */,
				B453C9D8257E203A003D5227 /* Supporting Files */,
				B453C9B3257E2011003D5227 /* Info.plist */,
			);
			path = WeatherPlannerDemo;
			sourceTree = "<group>";
		};
		B453C9BB257E2011003D5227 /* WeatherPlannerDemoTests */ = {
			isa = PBXGroup;
			children = (
				B47D83F125A214D6005A1179 /* Sourcery */,
				B4FFA2F0259E0520009D4E4D /* App */,
				B45AFD23259E27EA00E94FE8 /* Core */,
				B4FFA330259E220C009D4E4D /* Features */,
				B453C9BE257E2011003D5227 /* Info.plist */,
			);
			path = WeatherPlannerDemoTests;
			sourceTree = "<group>";
		};
		B453C9C6257E2011003D5227 /* WeatherPlannerDemoUITests */ = {
			isa = PBXGroup;
			children = (
				B453C9C7257E2011003D5227 /* WeatherPlannerDemoUITests.swift */,
				B453C9C9257E2011003D5227 /* Info.plist */,
			);
			path = WeatherPlannerDemoUITests;
			sourceTree = "<group>";
		};
		B453C9D8257E203A003D5227 /* Supporting Files */ = {
			isa = PBXGroup;
			children = (
				B453C9AE257E2011003D5227 /* Assets.xcassets */,
				B453C9B0257E2011003D5227 /* LaunchScreen.storyboard */,
			);
			path = "Supporting Files";
			sourceTree = "<group>";
		};
		B453C9DC257E3543003D5227 /* Network */ = {
			isa = PBXGroup;
			children = (
				B453CA0C257E481A003D5227 /* ApiEndpoints.swift */,
				B453CA3E257E6617003D5227 /* NetworkModule.swift */,
			);
			path = Network;
			sourceTree = "<group>";
		};
		B453C9F8257E37F7003D5227 /* Models */ = {
			isa = PBXGroup;
			children = (
				B453C9ED257E37EA003D5227 /* ApiError.swift */,
				B453C9EC257E37EA003D5227 /* HttpMethod.swift */,
				B453C9EE257E37EA003D5227 /* HttpStatusCode.swift */,
			);
			path = Models;
			sourceTree = "<group>";
		};
		B453CAA3257FAC01003D5227 /* Localization */ = {
			isa = PBXGroup;
			children = (
				B453CAA4257FAC27003D5227 /* LocalizationService.swift */,
				B453CAAC257FAC5A003D5227 /* Localizable.strings */,
			);
			path = Localization;
			sourceTree = "<group>";
		};
		B45AFD23259E27EA00E94FE8 /* Core */ = {
			isa = PBXGroup;
			children = (
				B45AFD24259E281500E94FE8 /* CoreDataStackMock.swift */,
			);
			path = Core;
			sourceTree = "<group>";
		};
		B47D83F125A214D6005A1179 /* Sourcery */ = {
			isa = PBXGroup;
			children = (
				B4FFA2B5259DE6C5009D4E4D /* SourceryProtocols.swift */,
				B4FFA2F1259E0533009D4E4D /* Templates */,
				B4FFA2FA259E09D4009D4E4D /* Generated */,
			);
			path = Sourcery;
			sourceTree = "<group>";
		};
		B48819F425879EB600AEEB27 /* App */ = {
			isa = PBXGroup;
			children = (
				B453C9A5257E2010003D5227 /* AppDelegate.swift */,
				B453C9A7257E2010003D5227 /* SceneDelegate.swift */,
				B4C9C9FD258B758C0022F99C /* Data */,
				B4ACAFAF2588FA86008141E1 /* Coordinators */,
				B4ACAF942588D3C9008141E1 /* Dependencies */,
				B4881A0525879FE900AEEB27 /* FoundationExtensions */,
				B453C9DC257E3543003D5227 /* Network */,
				B4881A0F2587A14100AEEB27 /* UserInterface */,
				B453CAA3257FAC01003D5227 /* Localization */,
				B453CA25257E54EA003D5227 /* MeasurementUnit.swift */,
				B453CA2D257E5529003D5227 /* WeatherResponseLanguage.swift */,
				B4EFE2E225948E17002EE0F1 /* Constants.swift */,
			);
			path = App;
			sourceTree = "<group>";
		};
		B48819F525879EBC00AEEB27 /* Core */ = {
			isa = PBXGroup;
			children = (
				B4881A382587A6EB00AEEB27 /* Network */,
				B4C9CA16258B7D150022F99C /* Data */,
				B453CA73257F9623003D5227 /* ConstructViewsProtocol.swift */,
				B453CA46257E7DF2003D5227 /* Logger.swift */,
				B4C9C9F7258B67730022F99C /* Reachability+Extension.swift */,
				B4A19B21259B5A7A00755804 /* AppModuleProtocol.swift */,
			);
			path = Core;
			sourceTree = "<group>";
		};
		B48819F625879EC900AEEB27 /* Features */ = {
			isa = PBXGroup;
			children = (
				B4881A102587A33900AEEB27 /* CityList */,
				B4881A112587A34D00AEEB27 /* CityDetails */,
			);
			path = Features;
			sourceTree = "<group>";
		};
		B4881A0525879FE900AEEB27 /* FoundationExtensions */ = {
			isa = PBXGroup;
			children = (
				B453CBA82583A383003D5227 /* Double+StringExtension.swift */,
			);
			path = FoundationExtensions;
			sourceTree = "<group>";
		};
		B4881A0F2587A14100AEEB27 /* UserInterface */ = {
			isa = PBXGroup;
			children = (
				B453CBA62583A383003D5227 /* Color.swift */,
				B453CB8F258399B1003D5227 /* Font.swift */,
			);
			path = UserInterface;
			sourceTree = "<group>";
		};
		B4881A102587A33900AEEB27 /* CityList */ = {
			isa = PBXGroup;
			children = (
				B4881A122587A37100AEEB27 /* UserInterface */,
				B4881A262587A4C400AEEB27 /* Data */,
				B4ACAF802588D037008141E1 /* Domain */,
			);
			path = CityList;
			sourceTree = "<group>";
		};
		B4881A112587A34D00AEEB27 /* CityDetails */ = {
			isa = PBXGroup;
			children = (
				B4881A1C2587A42000AEEB27 /* UserInterface */,
				B4881A272587A4DE00AEEB27 /* Data */,
				B4ACAF862588D0C5008141E1 /* Domain */,
			);
			path = CityDetails;
			sourceTree = "<group>";
		};
		B4881A122587A37100AEEB27 /* UserInterface */ = {
			isa = PBXGroup;
			children = (
				B4881A132587A38B00AEEB27 /* ViewModels */,
				B4881A1B2587A3FA00AEEB27 /* ViewControllers */,
				B4881A142587A3A700AEEB27 /* Components */,
			);
			path = UserInterface;
			sourceTree = "<group>";
		};
		B4881A132587A38B00AEEB27 /* ViewModels */ = {
			isa = PBXGroup;
			children = (
				B453CA9E257FA47E003D5227 /* CityViewModel.swift */,
			);
			path = ViewModels;
			sourceTree = "<group>";
		};
		B4881A142587A3A700AEEB27 /* Components */ = {
			isa = PBXGroup;
			children = (
				B453CAC0257FC50D003D5227 /* CityListTableViewCell.swift */,
				B453CAC5257FC57F003D5227 /* CityListTableViewCell+Design.swift */,
			);
			path = Components;
			sourceTree = "<group>";
		};
		B4881A1B2587A3FA00AEEB27 /* ViewControllers */ = {
			isa = PBXGroup;
			children = (
				B453CA87257F9731003D5227 /* CityListViewController.swift */,
				B453CA94257FA06B003D5227 /* CityListViewController+Design.swift */,
				B453CA99257FA430003D5227 /* CityListPresenter.swift */,
			);
			path = ViewControllers;
			sourceTree = "<group>";
		};
		B4881A1C2587A42000AEEB27 /* UserInterface */ = {
			isa = PBXGroup;
			children = (
				B4881A1D2587A42A00AEEB27 /* ViewModels */,
				B4881A1E2587A44300AEEB27 /* ViewControllers */,
				B4881A1F2587A45D00AEEB27 /* Components */,
			);
			path = UserInterface;
			sourceTree = "<group>";
		};
		B4881A1D2587A42A00AEEB27 /* ViewModels */ = {
			isa = PBXGroup;
			children = (
				B453CBAF2583A3C0003D5227 /* AirPollutionViewModel.swift */,
				B453CBA72583A383003D5227 /* AirPollutionViewModel+Extension.swift */,
				B48D172E2587673B00511C47 /* AirPollutionDetailsViewModel.swift */,
			);
			path = ViewModels;
			sourceTree = "<group>";
		};
		B4881A1E2587A44300AEEB27 /* ViewControllers */ = {
			isa = PBXGroup;
			children = (
				B453CBBA2583A3F0003D5227 /* CityDetailsViewController.swift */,
				B453CBB92583A3F0003D5227 /* CityDetailsViewController+Design.swift */,
				B453CBC02583A407003D5227 /* CityDetailsPresenter.swift */,
			);
			path = ViewControllers;
			sourceTree = "<group>";
		};
		B4881A1F2587A45D00AEEB27 /* Components */ = {
			isa = PBXGroup;
			children = (
				B453CBCD2583A438003D5227 /* CityDetailsHeaderView.swift */,
				B453CBCA2583A437003D5227 /* CityDetailsHeaderView+Design.swift */,
				B453CBCB2583A437003D5227 /* CityDetailsTableViewCell.swift */,
				B453CBCC2583A437003D5227 /* CityDetailsTableViewCell+Design.swift */,
			);
			path = Components;
			sourceTree = "<group>";
		};
		B4881A262587A4C400AEEB27 /* Data */ = {
			isa = PBXGroup;
			children = (
				B4881A302587A6A700AEEB27 /* Networking */,
				B4881A282587A61400AEEB27 /* Models */,
				B4ACAF7A2588CFA9008141E1 /* ManagedModels */,
				B4ACAF7C2588D007008141E1 /* CoreData */,
				B4ACAF7B2588CFCB008141E1 /* Repository */,
			);
			path = Data;
			sourceTree = "<group>";
		};
		B4881A272587A4DE00AEEB27 /* Data */ = {
			isa = PBXGroup;
			children = (
				B4881A372587A6CC00AEEB27 /* Networking */,
				B4881A2C2587A61F00AEEB27 /* Models */,
				B4ACAF872588D0E9008141E1 /* ManagedModels */,
				B4ACAF882588D0F8008141E1 /* CoreData */,
				B4ACAF892588D107008141E1 /* Repository */,
			);
			path = Data;
			sourceTree = "<group>";
		};
		B4881A282587A61400AEEB27 /* Models */ = {
			isa = PBXGroup;
			children = (
				B453CA33257E5673003D5227 /* City.swift */,
				B453CAB6257FB58E003D5227 /* CitiesInCircle.swift */,
			);
			path = Models;
			sourceTree = "<group>";
		};
		B4881A2C2587A61F00AEEB27 /* Models */ = {
			isa = PBXGroup;
			children = (
				B453CBB42583A3D6003D5227 /* AirPollution.swift */,
			);
			path = Models;
			sourceTree = "<group>";
		};
		B4881A302587A6A700AEEB27 /* Networking */ = {
			isa = PBXGroup;
			children = (
				B40064332587BBD500129DE6 /* QueryParameters */,
				B4ACAF9B2588E276008141E1 /* CityListApiClient.swift */,
				B4ACAFA02588EA01008141E1 /* CityListApiClientProtocol.swift */,
			);
			path = Networking;
			sourceTree = "<group>";
		};
		B4881A372587A6CC00AEEB27 /* Networking */ = {
			isa = PBXGroup;
			children = (
				B40064362587BC8400129DE6 /* QueryParameters */,
				B4ACAFA52588F1F1008141E1 /* CityDetailsApiClient.swift */,
				B4ACAFAA2588F204008141E1 /* CityDetailsApiClientProtocol.swift */,
			);
			path = Networking;
			sourceTree = "<group>";
		};
		B4881A382587A6EB00AEEB27 /* Network */ = {
			isa = PBXGroup;
			children = (
				B453CA02257E3858003D5227 /* ApiClientProtocol.swift */,
				B453CA07257E38EF003D5227 /* BaseApiClient.swift */,
				B453C9F8257E37F7003D5227 /* Models */,
				B453CA17257E4E57003D5227 /* QueryParameters+Extension.swift */,
			);
			path = Network;
			sourceTree = "<group>";
		};
		B4ACAF7A2588CFA9008141E1 /* ManagedModels */ = {
			isa = PBXGroup;
			children = (
				B48EA755258A408200F87C65 /* CDCity+CoreDataClass.swift */,
				B48EA74D258A405900F87C65 /* CDWind+CoreDataClass.swift */,
				B48EA73B258A400200F87C65 /* CDCoordination+CoreDataClass.swift */,
				B48EA706258A3E8F00F87C65 /* CDTemperature+CoreDataClass.swift */,
				B48EA6FC258A3DCC00F87C65 /* CDWeather+CoreDataClass.swift */,
			);
			path = ManagedModels;
			sourceTree = "<group>";
		};
		B4ACAF7B2588CFCB008141E1 /* Repository */ = {
			isa = PBXGroup;
			children = (
				B4881A4D2587AD9B00AEEB27 /* CityListRepository.swift */,
				B4881A552587AE2700AEEB27 /* CityListRepositoryProtocol.swift */,
			);
			path = Repository;
			sourceTree = "<group>";
		};
		B4ACAF7C2588D007008141E1 /* CoreData */ = {
			isa = PBXGroup;
			children = (
			);
			path = CoreData;
			sourceTree = "<group>";
		};
		B4ACAF802588D037008141E1 /* Domain */ = {
			isa = PBXGroup;
			children = (
				B4ACAF812588D060008141E1 /* CityListUseCase */,
			);
			path = Domain;
			sourceTree = "<group>";
		};
		B4ACAF812588D060008141E1 /* CityListUseCase */ = {
			isa = PBXGroup;
			children = (
				B4881A482587AD1200AEEB27 /* CityListUseCase.swift */,
				B48EA6842589FC3D00F87C65 /* CityListUseCaseProtocol.swift */,
			);
			path = CityListUseCase;
			sourceTree = "<group>";
		};
		B4ACAF862588D0C5008141E1 /* Domain */ = {
			isa = PBXGroup;
			children = (
				B4ACAF8D2588D129008141E1 /* CityDetailsUseCase */,
			);
			path = Domain;
			sourceTree = "<group>";
		};
		B4ACAF872588D0E9008141E1 /* ManagedModels */ = {
			isa = PBXGroup;
			children = (
				B48EA727258A3F9100F87C65 /* CDAirPollution+CoreDataClass.swift */,
			);
			path = ManagedModels;
			sourceTree = "<group>";
		};
		B4ACAF882588D0F8008141E1 /* CoreData */ = {
			isa = PBXGroup;
			children = (
			);
			path = CoreData;
			sourceTree = "<group>";
		};
		B4ACAF892588D107008141E1 /* Repository */ = {
			isa = PBXGroup;
			children = (
				B4881A692587B45800AEEB27 /* CityDetailsRepository.swift */,
				B4881A6E2587B48A00AEEB27 /* CityDetailsRepositoryProtocol.swift */,
			);
			path = Repository;
			sourceTree = "<group>";
		};
		B4ACAF8D2588D129008141E1 /* CityDetailsUseCase */ = {
			isa = PBXGroup;
			children = (
				B4881A642587B41600AEEB27 /* CityDetailsUseCase.swift */,
				B48EA689258A075500F87C65 /* CityDetailsUseCaseProtocol.swift */,
			);
			path = CityDetailsUseCase;
			sourceTree = "<group>";
		};
		B4ACAF942588D3C9008141E1 /* Dependencies */ = {
			isa = PBXGroup;
			children = (
				B4881A5A2587B2F300AEEB27 /* AppDependencies.swift */,
				B4A19B58259B7DEF00755804 /* Resolver+Extension.swift */,
			);
			path = Dependencies;
			sourceTree = "<group>";
		};
		B4ACAFAF2588FA86008141E1 /* Coordinators */ = {
			isa = PBXGroup;
			children = (
				B4ACAFB02588FACC008141E1 /* AppCoordinator.swift */,
				B4ACAFB82588FAD7008141E1 /* CoordinatorProtocol.swift */,
			);
			path = Coordinators;
			sourceTree = "<group>";
		};
		B4C9C9FD258B758C0022F99C /* Data */ = {
			isa = PBXGroup;
			children = (
				B4C9C9FE258B75970022F99C /* CoreData */,
			);
			path = Data;
			sourceTree = "<group>";
		};
		B4C9C9FE258B75970022F99C /* CoreData */ = {
			isa = PBXGroup;
			children = (
				B48EA694258A225A00F87C65 /* WeatherPlannerModel.xcdatamodeld */,
				B4C9C9FF258B75CB0022F99C /* CoreDataService.swift */,
				B4C9CA07258B75E30022F99C /* CoreDataServiceProtocol.swift */,
				B42EA112258CBA0F00FF6DEB /* Predicates.swift */,
			);
			path = CoreData;
			sourceTree = "<group>";
		};
		B4C9CA16258B7D150022F99C /* Data */ = {
			isa = PBXGroup;
			children = (
				B4EFE2E725948FC4002EE0F1 /* RxSwift+RxDataSources */,
				B4C9CA17258B7D1B0022F99C /* CoreData */,
			);
			path = Data;
			sourceTree = "<group>";
		};
		B4C9CA17258B7D1B0022F99C /* CoreData */ = {
			isa = PBXGroup;
			children = (
				B4F5D3CF258B86F200F511C4 /* CoreDataStackProtocol.swift */,
				B48EA762258A422A00F87C65 /* CoreDataStack.swift */,
				B421D8892594DBD5007F28F7 /* FetchedResultsController+Rx.swift */,
				B421D88E2594DC12007F28F7 /* NSManagedObjectContext+Rx.swift */,
				B4A19B26259B5B2600755804 /* CoreDataModule.swift */,
			);
			path = CoreData;
			sourceTree = "<group>";
		};
		B4EFE2E725948FC4002EE0F1 /* RxSwift+RxDataSources */ = {
			isa = PBXGroup;
			children = (
				B407F9EA2593A301007F221A /* RxDataSources+Section.swift */,
			);
			path = "RxSwift+RxDataSources";
			sourceTree = "<group>";
		};
		B4FC9C9825A20089006F098A /* CityDetails */ = {
			isa = PBXGroup;
			children = (
				B4FC9C9025A2007A006F098A /* CityDetailsPresenterTests.swift */,
				B4FC9C9925A200E7006F098A /* UseCaseMocks */,
			);
			path = CityDetails;
			sourceTree = "<group>";
		};
		B4FC9C9925A200E7006F098A /* UseCaseMocks */ = {
			isa = PBXGroup;
			children = (
				B4FC9C9A25A200FC006F098A /* CityDetailsUseCaseMock.swift */,
			);
			path = UseCaseMocks;
			sourceTree = "<group>";
		};
		B4FFA2F0259E0520009D4E4D /* App */ = {
			isa = PBXGroup;
			children = (
				B4152E96259CD3960070CFA7 /* CoordinatorsMock */,
			);
			path = App;
			sourceTree = "<group>";
		};
		B4FFA2F1259E0533009D4E4D /* Templates */ = {
			isa = PBXGroup;
			children = (
				B4FFA2F2259E07ED009D4E4D /* AutoMockable.stencil */,
			);
			path = Templates;
			sourceTree = "<group>";
		};
		B4FFA2FA259E09D4009D4E4D /* Generated */ = {
			isa = PBXGroup;
			children = (
				B47D83FF25A21852005A1179 /* AutoMockable.generated.swift */,
			);
			path = Generated;
			sourceTree = "<group>";
		};
		B4FFA330259E220C009D4E4D /* Features */ = {
			isa = PBXGroup;
			children = (
				B4FFA331259E221F009D4E4D /* CityList */,
				B4FC9C9825A20089006F098A /* CityDetails */,
			);
			path = Features;
			sourceTree = "<group>";
		};
		B4FFA331259E221F009D4E4D /* CityList */ = {
			isa = PBXGroup;
			children = (
				B4152E38259CAC770070CFA7 /* CityListPresenterTests.swift */,
				B4152E8E259CD3780070CFA7 /* UseCaseMocks */,
			);
			path = CityList;
			sourceTree = "<group>";
		};
		DD8E86819EBB2B3B158E4ED6 /* Pods */ = {
			isa = PBXGroup;
			children = (
				5F708F122D9CFD1405366A23 /* Pods-WeatherPlannerDemo.debug.xcconfig */,
				B3314DDE04066065537C384C /* Pods-WeatherPlannerDemo.release.xcconfig */,
				A8AFFCF5F4FF99AFC91B75E5 /* Pods-WeatherPlannerDemo-WeatherPlannerDemoUITests.debug.xcconfig */,
				77987F981F640C3C2B9CDF74 /* Pods-WeatherPlannerDemo-WeatherPlannerDemoUITests.release.xcconfig */,
				362C8966554DDC31E8DF7BDF /* Pods-WeatherPlannerDemoTests.debug.xcconfig */,
				674FCBCA6BA640464E8ABBA6 /* Pods-WeatherPlannerDemoTests.release.xcconfig */,
			);
			path = Pods;
			sourceTree = "<group>";
		};
/* End PBXGroup section */

/* Begin PBXNativeTarget section */
		B453C9A1257E2010003D5227 /* WeatherPlannerDemo */ = {
			isa = PBXNativeTarget;
			buildConfigurationList = B453C9CC257E2011003D5227 /* Build configuration list for PBXNativeTarget "WeatherPlannerDemo" */;
			buildPhases = (
				5132968A088310E04D94BAAF /* [CP] Check Pods Manifest.lock */,
				B453CA5F257F8A61003D5227 /* SwiftLint */,
				B453C99E257E2010003D5227 /* Sources */,
				B453C99F257E2010003D5227 /* Frameworks */,
				B453C9A0257E2010003D5227 /* Resources */,
				28A0452178E62E13926078A8 /* [CP] Embed Pods Frameworks */,
			);
			buildRules = (
			);
			dependencies = (
			);
			name = WeatherPlannerDemo;
			productName = WeatherPlannerDemo;
			productReference = B453C9A2257E2010003D5227 /* WeatherPlannerDemo.app */;
			productType = "com.apple.product-type.application";
		};
		B453C9B7257E2011003D5227 /* WeatherPlannerDemoTests */ = {
			isa = PBXNativeTarget;
			buildConfigurationList = B453C9CF257E2011003D5227 /* Build configuration list for PBXNativeTarget "WeatherPlannerDemoTests" */;
			buildPhases = (
				B556F3A14D7FE46854E57FE5 /* [CP] Check Pods Manifest.lock */,
				B453C9B4257E2011003D5227 /* Sources */,
				B453C9B5257E2011003D5227 /* Frameworks */,
				B453C9B6257E2011003D5227 /* Resources */,
				9B034CC5AA212FB2602FAE21 /* [CP] Embed Pods Frameworks */,
			);
			buildRules = (
			);
			dependencies = (
				B453C9BA257E2011003D5227 /* PBXTargetDependency */,
			);
			name = WeatherPlannerDemoTests;
			productName = WeatherPlannerDemoTests;
			productReference = B453C9B8257E2011003D5227 /* WeatherPlannerDemoTests.xctest */;
			productType = "com.apple.product-type.bundle.unit-test";
		};
		B453C9C2257E2011003D5227 /* WeatherPlannerDemoUITests */ = {
			isa = PBXNativeTarget;
			buildConfigurationList = B453C9D2257E2011003D5227 /* Build configuration list for PBXNativeTarget "WeatherPlannerDemoUITests" */;
			buildPhases = (
				46856C771D4F8567A02F0644 /* [CP] Check Pods Manifest.lock */,
				B453C9BF257E2011003D5227 /* Sources */,
				B453C9C0257E2011003D5227 /* Frameworks */,
				B453C9C1257E2011003D5227 /* Resources */,
				6AA7E3B10C701779111807CD /* [CP] Embed Pods Frameworks */,
			);
			buildRules = (
			);
			dependencies = (
				B453C9C5257E2011003D5227 /* PBXTargetDependency */,
			);
			name = WeatherPlannerDemoUITests;
			productName = WeatherPlannerDemoUITests;
			productReference = B453C9C3257E2011003D5227 /* WeatherPlannerDemoUITests.xctest */;
			productType = "com.apple.product-type.bundle.ui-testing";
		};
/* End PBXNativeTarget section */

/* Begin PBXProject section */
		B453C99A257E2010003D5227 /* Project object */ = {
			isa = PBXProject;
			attributes = {
				LastSwiftUpdateCheck = 1220;
				LastUpgradeCheck = 1220;
				TargetAttributes = {
					B453C9A1257E2010003D5227 = {
						CreatedOnToolsVersion = 12.2;
					};
					B453C9B7257E2011003D5227 = {
						CreatedOnToolsVersion = 12.2;
						TestTargetID = B453C9A1257E2010003D5227;
					};
					B453C9C2257E2011003D5227 = {
						CreatedOnToolsVersion = 12.2;
						TestTargetID = B453C9A1257E2010003D5227;
					};
				};
			};
			buildConfigurationList = B453C99D257E2010003D5227 /* Build configuration list for PBXProject "WeatherPlannerDemo" */;
			compatibilityVersion = "Xcode 9.3";
			developmentRegion = en;
			hasScannedForEncodings = 0;
			knownRegions = (
				en,
				Base,
			);
			mainGroup = B453C999257E2010003D5227;
			productRefGroup = B453C9A3257E2010003D5227 /* Products */;
			projectDirPath = "";
			projectRoot = "";
			targets = (
				B453C9A1257E2010003D5227 /* WeatherPlannerDemo */,
				B453C9B7257E2011003D5227 /* WeatherPlannerDemoTests */,
				B453C9C2257E2011003D5227 /* WeatherPlannerDemoUITests */,
			);
		};
/* End PBXProject section */

/* Begin PBXResourcesBuildPhase section */
		B453C9A0257E2010003D5227 /* Resources */ = {
			isa = PBXResourcesBuildPhase;
			buildActionMask = 2147483647;
			files = (
				B453C9B2257E2011003D5227 /* LaunchScreen.storyboard in Resources */,
				B453CAAD257FAC5A003D5227 /* Localizable.strings in Resources */,
				B453C9AF257E2011003D5227 /* Assets.xcassets in Resources */,
			);
			runOnlyForDeploymentPostprocessing = 0;
		};
		B453C9B6257E2011003D5227 /* Resources */ = {
			isa = PBXResourcesBuildPhase;
			buildActionMask = 2147483647;
			files = (
				B4FFA2F3259E07ED009D4E4D /* AutoMockable.stencil in Resources */,
			);
			runOnlyForDeploymentPostprocessing = 0;
		};
		B453C9C1257E2011003D5227 /* Resources */ = {
			isa = PBXResourcesBuildPhase;
			buildActionMask = 2147483647;
			files = (
			);
			runOnlyForDeploymentPostprocessing = 0;
		};
/* End PBXResourcesBuildPhase section */

/* Begin PBXShellScriptBuildPhase section */
		28A0452178E62E13926078A8 /* [CP] Embed Pods Frameworks */ = {
			isa = PBXShellScriptBuildPhase;
			buildActionMask = 2147483647;
			files = (
			);
			inputFileListPaths = (
				"${PODS_ROOT}/Target Support Files/Pods-WeatherPlannerDemo/Pods-WeatherPlannerDemo-frameworks-${CONFIGURATION}-input-files.xcfilelist",
			);
			name = "[CP] Embed Pods Frameworks";
			outputFileListPaths = (
				"${PODS_ROOT}/Target Support Files/Pods-WeatherPlannerDemo/Pods-WeatherPlannerDemo-frameworks-${CONFIGURATION}-output-files.xcfilelist",
			);
			runOnlyForDeploymentPostprocessing = 0;
			shellPath = /bin/sh;
			shellScript = "\"${PODS_ROOT}/Target Support Files/Pods-WeatherPlannerDemo/Pods-WeatherPlannerDemo-frameworks.sh\"\n";
			showEnvVarsInLog = 0;
		};
		46856C771D4F8567A02F0644 /* [CP] Check Pods Manifest.lock */ = {
			isa = PBXShellScriptBuildPhase;
			buildActionMask = 2147483647;
			files = (
			);
			inputFileListPaths = (
			);
			inputPaths = (
				"${PODS_PODFILE_DIR_PATH}/Podfile.lock",
				"${PODS_ROOT}/Manifest.lock",
			);
			name = "[CP] Check Pods Manifest.lock";
			outputFileListPaths = (
			);
			outputPaths = (
				"$(DERIVED_FILE_DIR)/Pods-WeatherPlannerDemo-WeatherPlannerDemoUITests-checkManifestLockResult.txt",
			);
			runOnlyForDeploymentPostprocessing = 0;
			shellPath = /bin/sh;
			shellScript = "diff \"${PODS_PODFILE_DIR_PATH}/Podfile.lock\" \"${PODS_ROOT}/Manifest.lock\" > /dev/null\nif [ $? != 0 ] ; then\n    # print error to STDERR\n    echo \"error: The sandbox is not in sync with the Podfile.lock. Run 'pod install' or update your CocoaPods installation.\" >&2\n    exit 1\nfi\n# This output is used by Xcode 'outputs' to avoid re-running this script phase.\necho \"SUCCESS\" > \"${SCRIPT_OUTPUT_FILE_0}\"\n";
			showEnvVarsInLog = 0;
		};
		5132968A088310E04D94BAAF /* [CP] Check Pods Manifest.lock */ = {
			isa = PBXShellScriptBuildPhase;
			buildActionMask = 2147483647;
			files = (
			);
			inputFileListPaths = (
			);
			inputPaths = (
				"${PODS_PODFILE_DIR_PATH}/Podfile.lock",
				"${PODS_ROOT}/Manifest.lock",
			);
			name = "[CP] Check Pods Manifest.lock";
			outputFileListPaths = (
			);
			outputPaths = (
				"$(DERIVED_FILE_DIR)/Pods-WeatherPlannerDemo-checkManifestLockResult.txt",
			);
			runOnlyForDeploymentPostprocessing = 0;
			shellPath = /bin/sh;
			shellScript = "diff \"${PODS_PODFILE_DIR_PATH}/Podfile.lock\" \"${PODS_ROOT}/Manifest.lock\" > /dev/null\nif [ $? != 0 ] ; then\n    # print error to STDERR\n    echo \"error: The sandbox is not in sync with the Podfile.lock. Run 'pod install' or update your CocoaPods installation.\" >&2\n    exit 1\nfi\n# This output is used by Xcode 'outputs' to avoid re-running this script phase.\necho \"SUCCESS\" > \"${SCRIPT_OUTPUT_FILE_0}\"\n";
			showEnvVarsInLog = 0;
		};
		6AA7E3B10C701779111807CD /* [CP] Embed Pods Frameworks */ = {
			isa = PBXShellScriptBuildPhase;
			buildActionMask = 2147483647;
			files = (
			);
			inputFileListPaths = (
				"${PODS_ROOT}/Target Support Files/Pods-WeatherPlannerDemo-WeatherPlannerDemoUITests/Pods-WeatherPlannerDemo-WeatherPlannerDemoUITests-frameworks-${CONFIGURATION}-input-files.xcfilelist",
			);
			name = "[CP] Embed Pods Frameworks";
			outputFileListPaths = (
				"${PODS_ROOT}/Target Support Files/Pods-WeatherPlannerDemo-WeatherPlannerDemoUITests/Pods-WeatherPlannerDemo-WeatherPlannerDemoUITests-frameworks-${CONFIGURATION}-output-files.xcfilelist",
			);
			runOnlyForDeploymentPostprocessing = 0;
			shellPath = /bin/sh;
			shellScript = "\"${PODS_ROOT}/Target Support Files/Pods-WeatherPlannerDemo-WeatherPlannerDemoUITests/Pods-WeatherPlannerDemo-WeatherPlannerDemoUITests-frameworks.sh\"\n";
			showEnvVarsInLog = 0;
		};
		9B034CC5AA212FB2602FAE21 /* [CP] Embed Pods Frameworks */ = {
			isa = PBXShellScriptBuildPhase;
			buildActionMask = 2147483647;
			files = (
			);
			inputFileListPaths = (
				"${PODS_ROOT}/Target Support Files/Pods-WeatherPlannerDemoTests/Pods-WeatherPlannerDemoTests-frameworks-${CONFIGURATION}-input-files.xcfilelist",
			);
			name = "[CP] Embed Pods Frameworks";
			outputFileListPaths = (
				"${PODS_ROOT}/Target Support Files/Pods-WeatherPlannerDemoTests/Pods-WeatherPlannerDemoTests-frameworks-${CONFIGURATION}-output-files.xcfilelist",
			);
			runOnlyForDeploymentPostprocessing = 0;
			shellPath = /bin/sh;
			shellScript = "\"${PODS_ROOT}/Target Support Files/Pods-WeatherPlannerDemoTests/Pods-WeatherPlannerDemoTests-frameworks.sh\"\n";
			showEnvVarsInLog = 0;
		};
		B453CA5F257F8A61003D5227 /* SwiftLint */ = {
			isa = PBXShellScriptBuildPhase;
			buildActionMask = 2147483647;
			files = (
			);
			inputFileListPaths = (
			);
			inputPaths = (
			);
			name = SwiftLint;
			outputFileListPaths = (
			);
			outputPaths = (
			);
			runOnlyForDeploymentPostprocessing = 0;
			shellPath = /bin/sh;
			shellScript = "\"${PODS_ROOT}/SwiftLint/swiftlint\"\n";
		};
		B556F3A14D7FE46854E57FE5 /* [CP] Check Pods Manifest.lock */ = {
			isa = PBXShellScriptBuildPhase;
			buildActionMask = 2147483647;
			files = (
			);
			inputFileListPaths = (
			);
			inputPaths = (
				"${PODS_PODFILE_DIR_PATH}/Podfile.lock",
				"${PODS_ROOT}/Manifest.lock",
			);
			name = "[CP] Check Pods Manifest.lock";
			outputFileListPaths = (
			);
			outputPaths = (
				"$(DERIVED_FILE_DIR)/Pods-WeatherPlannerDemoTests-checkManifestLockResult.txt",
			);
			runOnlyForDeploymentPostprocessing = 0;
			shellPath = /bin/sh;
			shellScript = "diff \"${PODS_PODFILE_DIR_PATH}/Podfile.lock\" \"${PODS_ROOT}/Manifest.lock\" > /dev/null\nif [ $? != 0 ] ; then\n    # print error to STDERR\n    echo \"error: The sandbox is not in sync with the Podfile.lock. Run 'pod install' or update your CocoaPods installation.\" >&2\n    exit 1\nfi\n# This output is used by Xcode 'outputs' to avoid re-running this script phase.\necho \"SUCCESS\" > \"${SCRIPT_OUTPUT_FILE_0}\"\n";
			showEnvVarsInLog = 0;
		};
/* End PBXShellScriptBuildPhase section */

/* Begin PBXSourcesBuildPhase section */
		B453C99E257E2010003D5227 /* Sources */ = {
			isa = PBXSourcesBuildPhase;
			buildActionMask = 2147483647;
			files = (
				B453CA08257E38EF003D5227 /* BaseApiClient.swift in Sources */,
				B453CAF725810857003D5227 /* (null) in Sources */,
				B453CBC62583A41F003D5227 /* AirPollutionQueryParameters.swift in Sources */,
				B421D88A2594DBD5007F28F7 /* FetchedResultsController+Rx.swift in Sources */,
				B48EA74E258A405900F87C65 /* CDWind+CoreDataClass.swift in Sources */,
				B453CB0125810DB8003D5227 /* (null) in Sources */,
				B453C9A6257E2010003D5227 /* AppDelegate.swift in Sources */,
				B453CA03257E3858003D5227 /* ApiClientProtocol.swift in Sources */,
				B453CAFC25810B6E003D5227 /* (null) in Sources */,
				B453CAC1257FC50D003D5227 /* CityListTableViewCell.swift in Sources */,
				B453CB0F25811BAE003D5227 /* (null) in Sources */,
				B4EFE2E325948E17002EE0F1 /* Constants.swift in Sources */,
				B48EA728258A3F9100F87C65 /* CDAirPollution+CoreDataClass.swift in Sources */,
				B453CAF22581058C003D5227 /* (null) in Sources */,
				B453CB1425811BDC003D5227 /* (null) in Sources */,
				B453CA0D257E481A003D5227 /* ApiEndpoints.swift in Sources */,
				B4C9CA00258B75CB0022F99C /* CoreDataService.swift in Sources */,
				B453CB2B258230DA003D5227 /* (null) in Sources */,
				B453CA18257E4E57003D5227 /* QueryParameters+Extension.swift in Sources */,
				B453CBBC2583A3F0003D5227 /* CityDetailsViewController.swift in Sources */,
				B453C9EF257E37EA003D5227 /* HttpMethod.swift in Sources */,
				B453CA34257E5673003D5227 /* City.swift in Sources */,
				B48EA68A258A075500F87C65 /* CityDetailsUseCaseProtocol.swift in Sources */,
				B4ACAF9C2588E276008141E1 /* CityListApiClient.swift in Sources */,
				B453CADA2580EF52003D5227 /* (null) in Sources */,
				B453C9F0257E37EA003D5227 /* HttpStatusCode.swift in Sources */,
				B453CAE32580F220003D5227 /* (null) in Sources */,
				B453CA9A257FA430003D5227 /* CityListPresenter.swift in Sources */,
				B453CA1D257E4EBE003D5227 /* CityQueryParameters.swift in Sources */,
				B453CBB52583A3D6003D5227 /* AirPollution.swift in Sources */,
				B453C9F1257E37EA003D5227 /* ApiError.swift in Sources */,
				B453CAC6257FC57F003D5227 /* CityListTableViewCell+Design.swift in Sources */,
				B4A19B27259B5B2600755804 /* CoreDataModule.swift in Sources */,
				B4ACAFB12588FACC008141E1 /* AppCoordinator.swift in Sources */,
				B453CA9F257FA47E003D5227 /* CityViewModel.swift in Sources */,
				B4881A652587B41600AEEB27 /* CityDetailsUseCase.swift in Sources */,
				B453CAED25810394003D5227 /* (null) in Sources */,
				B48D172F2587673B00511C47 /* AirPollutionDetailsViewModel.swift in Sources */,
				B453CBA92583A383003D5227 /* Color.swift in Sources */,
				B4881A6F2587B48A00AEEB27 /* CityDetailsRepositoryProtocol.swift in Sources */,
				B4F5D3D0258B86F200F511C4 /* CoreDataStackProtocol.swift in Sources */,
				B4881A6A2587B45800AEEB27 /* CityDetailsRepository.swift in Sources */,
				B453CA47257E7DF2003D5227 /* Logger.swift in Sources */,
				B453CAB7257FB58E003D5227 /* CitiesInCircle.swift in Sources */,
				B4881A492587AD1200AEEB27 /* CityListUseCase.swift in Sources */,
				B453C9A8257E2010003D5227 /* SceneDelegate.swift in Sources */,
				B48EA6852589FC3D00F87C65 /* CityListUseCaseProtocol.swift in Sources */,
				B4881A5B2587B2F300AEEB27 /* AppDependencies.swift in Sources */,
				B453CBAB2583A383003D5227 /* Double+StringExtension.swift in Sources */,
				B453CBC12583A407003D5227 /* CityDetailsPresenter.swift in Sources */,
				B4C9C9F8258B67730022F99C /* Reachability+Extension.swift in Sources */,
				B453CB1925812817003D5227 /* (null) in Sources */,
				B4ACAFAB2588F204008141E1 /* CityDetailsApiClientProtocol.swift in Sources */,
				B421D88F2594DC12007F28F7 /* NSManagedObjectContext+Rx.swift in Sources */,
				B453CBCE2583A438003D5227 /* CityDetailsHeaderView+Design.swift in Sources */,
				B453CBCF2583A438003D5227 /* CityDetailsTableViewCell.swift in Sources */,
				B4A19B59259B7DEF00755804 /* Resolver+Extension.swift in Sources */,
				B453CAD52580EF3A003D5227 /* (null) in Sources */,
				B4881A4E2587AD9B00AEEB27 /* CityListRepository.swift in Sources */,
				B48EA6FD258A3DCC00F87C65 /* CDWeather+CoreDataClass.swift in Sources */,
				B453CB3325823102003D5227 /* (null) in Sources */,
				B48EA763258A422A00F87C65 /* CoreDataStack.swift in Sources */,
				B453CAA5257FAC27003D5227 /* LocalizationService.swift in Sources */,
				B453CA74257F9623003D5227 /* ConstructViewsProtocol.swift in Sources */,
				B453CBD12583A438003D5227 /* CityDetailsHeaderView.swift in Sources */,
				B453CA95257FA06B003D5227 /* CityListViewController+Design.swift in Sources */,
				B48EA756258A408200F87C65 /* CDCity+CoreDataClass.swift in Sources */,
				B453CA2E257E5529003D5227 /* WeatherResponseLanguage.swift in Sources */,
				B48EA696258A225A00F87C65 /* WeatherPlannerModel.xcdatamodeld in Sources */,
				B453CA88257F9731003D5227 /* CityListViewController.swift in Sources */,
				B4881A562587AE2700AEEB27 /* CityListRepositoryProtocol.swift in Sources */,
				B453CAB2257FB15D003D5227 /* CitiesInCircleQueryParameters.swift in Sources */,
				B453CBBB2583A3F0003D5227 /* CityDetailsViewController+Design.swift in Sources */,
				B453CA3F257E6617003D5227 /* NetworkModule.swift in Sources */,
				B4A19B22259B5A7A00755804 /* AppModuleProtocol.swift in Sources */,
				B4ACAFA12588EA01008141E1 /* CityListApiClientProtocol.swift in Sources */,
				B4C9CA08258B75E30022F99C /* CoreDataServiceProtocol.swift in Sources */,
				B453CBB02583A3C0003D5227 /* AirPollutionViewModel.swift in Sources */,
				B4ACAFB92588FAD7008141E1 /* CoordinatorProtocol.swift in Sources */,
				B453CB90258399B1003D5227 /* Font.swift in Sources */,
				B4ACAFA62588F1F1008141E1 /* CityDetailsApiClient.swift in Sources */,
				B453CBAA2583A383003D5227 /* AirPollutionViewModel+Extension.swift in Sources */,
				B453CA26257E54EA003D5227 /* MeasurementUnit.swift in Sources */,
				B42EA113258CBA0F00FF6DEB /* Predicates.swift in Sources */,
				B407F9EB2593A301007F221A /* RxDataSources+Section.swift in Sources */,
				B48EA708258A3E8F00F87C65 /* CDTemperature+CoreDataClass.swift in Sources */,
				B48EA73C258A400200F87C65 /* CDCoordination+CoreDataClass.swift in Sources */,
				B453CBD02583A438003D5227 /* CityDetailsTableViewCell+Design.swift in Sources */,
			);
			runOnlyForDeploymentPostprocessing = 0;
		};
		B453C9B4257E2011003D5227 /* Sources */ = {
			isa = PBXSourcesBuildPhase;
			buildActionMask = 2147483647;
			files = (
				B47D83FB25A21602005A1179 /* SourceryProtocols.swift in Sources */,
				B4FC9C9125A2007A006F098A /* CityDetailsPresenterTests.swift in Sources */,
				B45AFD25259E281500E94FE8 /* CoreDataStackMock.swift in Sources */,
				B47D840025A21852005A1179 /* AutoMockable.generated.swift in Sources */,
				B4FC9C9B25A200FC006F098A /* CityDetailsUseCaseMock.swift in Sources */,
				B4152E4F259CBE840070CFA7 /* CityListUseCaseMock.swift in Sources */,
				B4152E39259CAC770070CFA7 /* CityListPresenterTests.swift in Sources */,
				B4152E44259CBA570070CFA7 /* CoordinatorMock.swift in Sources */,
			);
			runOnlyForDeploymentPostprocessing = 0;
		};
		B453C9BF257E2011003D5227 /* Sources */ = {
			isa = PBXSourcesBuildPhase;
			buildActionMask = 2147483647;
			files = (
				B453C9C8257E2011003D5227 /* WeatherPlannerDemoUITests.swift in Sources */,
			);
			runOnlyForDeploymentPostprocessing = 0;
		};
/* End PBXSourcesBuildPhase section */

/* Begin PBXTargetDependency section */
		B453C9BA257E2011003D5227 /* PBXTargetDependency */ = {
			isa = PBXTargetDependency;
			target = B453C9A1257E2010003D5227 /* WeatherPlannerDemo */;
			targetProxy = B453C9B9257E2011003D5227 /* PBXContainerItemProxy */;
		};
		B453C9C5257E2011003D5227 /* PBXTargetDependency */ = {
			isa = PBXTargetDependency;
			target = B453C9A1257E2010003D5227 /* WeatherPlannerDemo */;
			targetProxy = B453C9C4257E2011003D5227 /* PBXContainerItemProxy */;
		};
/* End PBXTargetDependency section */

/* Begin PBXVariantGroup section */
		B453C9B0257E2011003D5227 /* LaunchScreen.storyboard */ = {
			isa = PBXVariantGroup;
			children = (
				B453C9B1257E2011003D5227 /* Base */,
			);
			name = LaunchScreen.storyboard;
			sourceTree = "<group>";
		};
/* End PBXVariantGroup section */

/* Begin XCBuildConfiguration section */
		B453C9CA257E2011003D5227 /* Debug */ = {
			isa = XCBuildConfiguration;
			buildSettings = {
				ALWAYS_SEARCH_USER_PATHS = NO;
				CLANG_ANALYZER_NONNULL = YES;
				CLANG_ANALYZER_NUMBER_OBJECT_CONVERSION = YES_AGGRESSIVE;
				CLANG_CXX_LANGUAGE_STANDARD = "gnu++14";
				CLANG_CXX_LIBRARY = "libc++";
				CLANG_ENABLE_MODULES = YES;
				CLANG_ENABLE_OBJC_ARC = YES;
				CLANG_ENABLE_OBJC_WEAK = YES;
				CLANG_WARN_BLOCK_CAPTURE_AUTORELEASING = YES;
				CLANG_WARN_BOOL_CONVERSION = YES;
				CLANG_WARN_COMMA = YES;
				CLANG_WARN_CONSTANT_CONVERSION = YES;
				CLANG_WARN_DEPRECATED_OBJC_IMPLEMENTATIONS = YES;
				CLANG_WARN_DIRECT_OBJC_ISA_USAGE = YES_ERROR;
				CLANG_WARN_DOCUMENTATION_COMMENTS = YES;
				CLANG_WARN_EMPTY_BODY = YES;
				CLANG_WARN_ENUM_CONVERSION = YES;
				CLANG_WARN_INFINITE_RECURSION = YES;
				CLANG_WARN_INT_CONVERSION = YES;
				CLANG_WARN_NON_LITERAL_NULL_CONVERSION = YES;
				CLANG_WARN_OBJC_IMPLICIT_RETAIN_SELF = YES;
				CLANG_WARN_OBJC_LITERAL_CONVERSION = YES;
				CLANG_WARN_OBJC_ROOT_CLASS = YES_ERROR;
				CLANG_WARN_QUOTED_INCLUDE_IN_FRAMEWORK_HEADER = YES;
				CLANG_WARN_RANGE_LOOP_ANALYSIS = YES;
				CLANG_WARN_STRICT_PROTOTYPES = YES;
				CLANG_WARN_SUSPICIOUS_MOVE = YES;
				CLANG_WARN_UNGUARDED_AVAILABILITY = YES_AGGRESSIVE;
				CLANG_WARN_UNREACHABLE_CODE = YES;
				CLANG_WARN__DUPLICATE_METHOD_MATCH = YES;
				COPY_PHASE_STRIP = NO;
				DEBUG_INFORMATION_FORMAT = dwarf;
				ENABLE_STRICT_OBJC_MSGSEND = YES;
				ENABLE_TESTABILITY = YES;
				GCC_C_LANGUAGE_STANDARD = gnu11;
				GCC_DYNAMIC_NO_PIC = NO;
				GCC_NO_COMMON_BLOCKS = YES;
				GCC_OPTIMIZATION_LEVEL = 0;
				GCC_PREPROCESSOR_DEFINITIONS = (
					"DEBUG=1",
					"$(inherited)",
				);
				GCC_WARN_64_TO_32_BIT_CONVERSION = YES;
				GCC_WARN_ABOUT_RETURN_TYPE = YES_ERROR;
				GCC_WARN_UNDECLARED_SELECTOR = YES;
				GCC_WARN_UNINITIALIZED_AUTOS = YES_AGGRESSIVE;
				GCC_WARN_UNUSED_FUNCTION = YES;
				GCC_WARN_UNUSED_VARIABLE = YES;
				IPHONEOS_DEPLOYMENT_TARGET = 14.2;
				MTL_ENABLE_DEBUG_INFO = INCLUDE_SOURCE;
				MTL_FAST_MATH = YES;
				ONLY_ACTIVE_ARCH = YES;
				SDKROOT = iphoneos;
				SWIFT_ACTIVE_COMPILATION_CONDITIONS = DEBUG;
				SWIFT_OPTIMIZATION_LEVEL = "-Onone";
			};
			name = Debug;
		};
		B453C9CB257E2011003D5227 /* Release */ = {
			isa = XCBuildConfiguration;
			buildSettings = {
				ALWAYS_SEARCH_USER_PATHS = NO;
				CLANG_ANALYZER_NONNULL = YES;
				CLANG_ANALYZER_NUMBER_OBJECT_CONVERSION = YES_AGGRESSIVE;
				CLANG_CXX_LANGUAGE_STANDARD = "gnu++14";
				CLANG_CXX_LIBRARY = "libc++";
				CLANG_ENABLE_MODULES = YES;
				CLANG_ENABLE_OBJC_ARC = YES;
				CLANG_ENABLE_OBJC_WEAK = YES;
				CLANG_WARN_BLOCK_CAPTURE_AUTORELEASING = YES;
				CLANG_WARN_BOOL_CONVERSION = YES;
				CLANG_WARN_COMMA = YES;
				CLANG_WARN_CONSTANT_CONVERSION = YES;
				CLANG_WARN_DEPRECATED_OBJC_IMPLEMENTATIONS = YES;
				CLANG_WARN_DIRECT_OBJC_ISA_USAGE = YES_ERROR;
				CLANG_WARN_DOCUMENTATION_COMMENTS = YES;
				CLANG_WARN_EMPTY_BODY = YES;
				CLANG_WARN_ENUM_CONVERSION = YES;
				CLANG_WARN_INFINITE_RECURSION = YES;
				CLANG_WARN_INT_CONVERSION = YES;
				CLANG_WARN_NON_LITERAL_NULL_CONVERSION = YES;
				CLANG_WARN_OBJC_IMPLICIT_RETAIN_SELF = YES;
				CLANG_WARN_OBJC_LITERAL_CONVERSION = YES;
				CLANG_WARN_OBJC_ROOT_CLASS = YES_ERROR;
				CLANG_WARN_QUOTED_INCLUDE_IN_FRAMEWORK_HEADER = YES;
				CLANG_WARN_RANGE_LOOP_ANALYSIS = YES;
				CLANG_WARN_STRICT_PROTOTYPES = YES;
				CLANG_WARN_SUSPICIOUS_MOVE = YES;
				CLANG_WARN_UNGUARDED_AVAILABILITY = YES_AGGRESSIVE;
				CLANG_WARN_UNREACHABLE_CODE = YES;
				CLANG_WARN__DUPLICATE_METHOD_MATCH = YES;
				COPY_PHASE_STRIP = NO;
				DEBUG_INFORMATION_FORMAT = "dwarf-with-dsym";
				ENABLE_NS_ASSERTIONS = NO;
				ENABLE_STRICT_OBJC_MSGSEND = YES;
				GCC_C_LANGUAGE_STANDARD = gnu11;
				GCC_NO_COMMON_BLOCKS = YES;
				GCC_WARN_64_TO_32_BIT_CONVERSION = YES;
				GCC_WARN_ABOUT_RETURN_TYPE = YES_ERROR;
				GCC_WARN_UNDECLARED_SELECTOR = YES;
				GCC_WARN_UNINITIALIZED_AUTOS = YES_AGGRESSIVE;
				GCC_WARN_UNUSED_FUNCTION = YES;
				GCC_WARN_UNUSED_VARIABLE = YES;
				IPHONEOS_DEPLOYMENT_TARGET = 14.2;
				MTL_ENABLE_DEBUG_INFO = NO;
				MTL_FAST_MATH = YES;
				SDKROOT = iphoneos;
				SWIFT_COMPILATION_MODE = wholemodule;
				SWIFT_OPTIMIZATION_LEVEL = "-O";
				VALIDATE_PRODUCT = YES;
			};
			name = Release;
		};
		B453C9CD257E2011003D5227 /* Debug */ = {
			isa = XCBuildConfiguration;
			baseConfigurationReference = 5F708F122D9CFD1405366A23 /* Pods-WeatherPlannerDemo.debug.xcconfig */;
			buildSettings = {
				ASSETCATALOG_COMPILER_APPICON_NAME = AppIcon;
				ASSETCATALOG_COMPILER_GLOBAL_ACCENT_COLOR_NAME = AccentColor;
				CODE_SIGN_STYLE = Automatic;
				DEVELOPMENT_TEAM = 3K2KE4S24U;
				INFOPLIST_FILE = WeatherPlannerDemo/Info.plist;
				LD_RUNPATH_SEARCH_PATHS = (
					"$(inherited)",
					"@executable_path/Frameworks",
				);
				PRODUCT_BUNDLE_IDENTIFIER = com.alensebalj.WeatherPlannerDemo;
				PRODUCT_NAME = "$(TARGET_NAME)";
				SWIFT_VERSION = 5.0;
				TARGETED_DEVICE_FAMILY = "1,2";
			};
			name = Debug;
		};
		B453C9CE257E2011003D5227 /* Release */ = {
			isa = XCBuildConfiguration;
			baseConfigurationReference = B3314DDE04066065537C384C /* Pods-WeatherPlannerDemo.release.xcconfig */;
			buildSettings = {
				ASSETCATALOG_COMPILER_APPICON_NAME = AppIcon;
				ASSETCATALOG_COMPILER_GLOBAL_ACCENT_COLOR_NAME = AccentColor;
				CODE_SIGN_STYLE = Automatic;
				DEVELOPMENT_TEAM = 3K2KE4S24U;
				INFOPLIST_FILE = WeatherPlannerDemo/Info.plist;
				LD_RUNPATH_SEARCH_PATHS = (
					"$(inherited)",
					"@executable_path/Frameworks",
				);
				PRODUCT_BUNDLE_IDENTIFIER = com.alensebalj.WeatherPlannerDemo;
				PRODUCT_NAME = "$(TARGET_NAME)";
				SWIFT_VERSION = 5.0;
				TARGETED_DEVICE_FAMILY = "1,2";
			};
			name = Release;
		};
		B453C9D0257E2011003D5227 /* Debug */ = {
			isa = XCBuildConfiguration;
			baseConfigurationReference = 362C8966554DDC31E8DF7BDF /* Pods-WeatherPlannerDemoTests.debug.xcconfig */;
			buildSettings = {
				ALWAYS_EMBED_SWIFT_STANDARD_LIBRARIES = YES;
				BUNDLE_LOADER = "$(TEST_HOST)";
				CODE_SIGN_STYLE = Automatic;
				DEVELOPMENT_TEAM = 3K2KE4S24U;
				INFOPLIST_FILE = WeatherPlannerDemoTests/Info.plist;
				IPHONEOS_DEPLOYMENT_TARGET = 14.2;
				LD_RUNPATH_SEARCH_PATHS = (
					"$(inherited)",
					"@executable_path/Frameworks",
					"@loader_path/Frameworks",
				);
				PRODUCT_BUNDLE_IDENTIFIER = com.alensebalj.WeatherPlannerDemoTests;
				PRODUCT_NAME = "$(TARGET_NAME)";
				SWIFT_VERSION = 5.0;
				TARGETED_DEVICE_FAMILY = "1,2";
				TEST_HOST = "$(BUILT_PRODUCTS_DIR)/WeatherPlannerDemo.app/WeatherPlannerDemo";
			};
			name = Debug;
		};
		B453C9D1257E2011003D5227 /* Release */ = {
			isa = XCBuildConfiguration;
			baseConfigurationReference = 674FCBCA6BA640464E8ABBA6 /* Pods-WeatherPlannerDemoTests.release.xcconfig */;
			buildSettings = {
				ALWAYS_EMBED_SWIFT_STANDARD_LIBRARIES = YES;
				BUNDLE_LOADER = "$(TEST_HOST)";
				CODE_SIGN_STYLE = Automatic;
				DEVELOPMENT_TEAM = 3K2KE4S24U;
				INFOPLIST_FILE = WeatherPlannerDemoTests/Info.plist;
				IPHONEOS_DEPLOYMENT_TARGET = 14.2;
				LD_RUNPATH_SEARCH_PATHS = (
					"$(inherited)",
					"@executable_path/Frameworks",
					"@loader_path/Frameworks",
				);
				PRODUCT_BUNDLE_IDENTIFIER = com.alensebalj.WeatherPlannerDemoTests;
				PRODUCT_NAME = "$(TARGET_NAME)";
				SWIFT_VERSION = 5.0;
				TARGETED_DEVICE_FAMILY = "1,2";
				TEST_HOST = "$(BUILT_PRODUCTS_DIR)/WeatherPlannerDemo.app/WeatherPlannerDemo";
			};
			name = Release;
		};
		B453C9D3257E2011003D5227 /* Debug */ = {
			isa = XCBuildConfiguration;
			baseConfigurationReference = A8AFFCF5F4FF99AFC91B75E5 /* Pods-WeatherPlannerDemo-WeatherPlannerDemoUITests.debug.xcconfig */;
			buildSettings = {
				ALWAYS_EMBED_SWIFT_STANDARD_LIBRARIES = YES;
				CODE_SIGN_STYLE = Automatic;
				DEVELOPMENT_TEAM = 3K2KE4S24U;
				INFOPLIST_FILE = WeatherPlannerDemoUITests/Info.plist;
				LD_RUNPATH_SEARCH_PATHS = (
					"$(inherited)",
					"@executable_path/Frameworks",
					"@loader_path/Frameworks",
				);
				PRODUCT_BUNDLE_IDENTIFIER = com.alensebalj.WeatherPlannerDemoUITests;
				PRODUCT_NAME = "$(TARGET_NAME)";
				SWIFT_VERSION = 5.0;
				TARGETED_DEVICE_FAMILY = "1,2";
				TEST_TARGET_NAME = WeatherPlannerDemo;
			};
			name = Debug;
		};
		B453C9D4257E2011003D5227 /* Release */ = {
			isa = XCBuildConfiguration;
			baseConfigurationReference = 77987F981F640C3C2B9CDF74 /* Pods-WeatherPlannerDemo-WeatherPlannerDemoUITests.release.xcconfig */;
			buildSettings = {
				ALWAYS_EMBED_SWIFT_STANDARD_LIBRARIES = YES;
				CODE_SIGN_STYLE = Automatic;
				DEVELOPMENT_TEAM = 3K2KE4S24U;
				INFOPLIST_FILE = WeatherPlannerDemoUITests/Info.plist;
				LD_RUNPATH_SEARCH_PATHS = (
					"$(inherited)",
					"@executable_path/Frameworks",
					"@loader_path/Frameworks",
				);
				PRODUCT_BUNDLE_IDENTIFIER = com.alensebalj.WeatherPlannerDemoUITests;
				PRODUCT_NAME = "$(TARGET_NAME)";
				SWIFT_VERSION = 5.0;
				TARGETED_DEVICE_FAMILY = "1,2";
				TEST_TARGET_NAME = WeatherPlannerDemo;
			};
			name = Release;
		};
/* End XCBuildConfiguration section */

/* Begin XCConfigurationList section */
		B453C99D257E2010003D5227 /* Build configuration list for PBXProject "WeatherPlannerDemo" */ = {
			isa = XCConfigurationList;
			buildConfigurations = (
				B453C9CA257E2011003D5227 /* Debug */,
				B453C9CB257E2011003D5227 /* Release */,
			);
			defaultConfigurationIsVisible = 0;
			defaultConfigurationName = Release;
		};
		B453C9CC257E2011003D5227 /* Build configuration list for PBXNativeTarget "WeatherPlannerDemo" */ = {
			isa = XCConfigurationList;
			buildConfigurations = (
				B453C9CD257E2011003D5227 /* Debug */,
				B453C9CE257E2011003D5227 /* Release */,
			);
			defaultConfigurationIsVisible = 0;
			defaultConfigurationName = Release;
		};
		B453C9CF257E2011003D5227 /* Build configuration list for PBXNativeTarget "WeatherPlannerDemoTests" */ = {
			isa = XCConfigurationList;
			buildConfigurations = (
				B453C9D0257E2011003D5227 /* Debug */,
				B453C9D1257E2011003D5227 /* Release */,
			);
			defaultConfigurationIsVisible = 0;
			defaultConfigurationName = Release;
		};
		B453C9D2257E2011003D5227 /* Build configuration list for PBXNativeTarget "WeatherPlannerDemoUITests" */ = {
			isa = XCConfigurationList;
			buildConfigurations = (
				B453C9D3257E2011003D5227 /* Debug */,
				B453C9D4257E2011003D5227 /* Release */,
			);
			defaultConfigurationIsVisible = 0;
			defaultConfigurationName = Release;
		};
/* End XCConfigurationList section */

/* Begin XCVersionGroup section */
		B48EA694258A225A00F87C65 /* WeatherPlannerModel.xcdatamodeld */ = {
			isa = XCVersionGroup;
			children = (
				B48EA695258A225A00F87C65 /* WeatherPlannerModel.xcdatamodel */,
			);
			currentVersion = B48EA695258A225A00F87C65 /* WeatherPlannerModel.xcdatamodel */;
			path = WeatherPlannerModel.xcdatamodeld;
			sourceTree = "<group>";
			versionGroupType = wrapper.xcdatamodel;
		};
/* End XCVersionGroup section */
	};
	rootObject = B453C99A257E2010003D5227 /* Project object */;
}
