PODS:
  - PureLayout (3.1.6)
  - SwiftLint (0.41.0)

DEPENDENCIES:
  - PureLayout
  - SwiftLint

SPEC REPOS:
  trunk:
    - PureLayout
    - SwiftLint

SPEC CHECKSUMS:
  PureLayout: bd3c4ec3a3819ad387c99ebb72c6b129c3ed4d2d
  SwiftLint: c585ebd615d9520d7fbdbe151f527977b0534f1e

PODFILE CHECKSUM: 6ab3fc067ff0ac56d7b12a07c16b17ae595d9130

COCOAPODS: 1.10.0
